Microsoft Visual Studio Solution File, Format Version 12.00
# Visual Studio Version 17
VisualStudioVersion = 17.2.32210.308
MinimumVisualStudioVersion = 15.0.26124.0

Project("{2150E333-8FDC-42A3-9474-1A3956D46DE8}") = "Source", "Source", "{D7EBD52B-93D1-4956-9B24-6E70DFD6811D}"
EndProject
Project("{2150E333-8FDC-42A3-9474-1A3956D46DE8}") = "Platforms", "Platforms", "{8FFBF1D5-B3D5-47B5-B2D6-A84FE8F23298}"
EndProject
Project("{2150E333-8FDC-42A3-9474-1A3956D46DE8}") = "Backend", "Backend", "{ACF50936-20D1-4034-98CB-2E6B3E13A95D}"
EndProject
Project("{2150E333-8FDC-42A3-9474-1A3956D46DE8}") = "Tests", "Tests", "{91039F58-E361-4B5E-BC66-DA81A49D0625}"
EndProject

Project("{9A19103F-16F7-4668-BE54-9A1E7A4F7556}") = "Demo", "Demo\Demo.csproj", "{85DA84EE-F07D-4271-8E26-6CFDBAC12CCE}"
EndProject
Project("{9A19103F-16F7-4668-BE54-9A1E7A4F7556}") = "Demo.Mobile", "Demo.Mobile\Demo.Mobile.csproj", "{94D3F98C-4D24-4703-AC69-21F6261C7E45}"
EndProject
Project("{9A19103F-16F7-4668-BE54-9A1E7A4F7556}") = "Demo.Wasm", "Demo.Wasm\Demo.Wasm.csproj", "{83A5AD25-AB51-449E-B4CE-AB3FE24C1FEB}"
EndProject
Project("{9A19103F-16F7-4668-BE54-9A1E7A4F7556}") = "Demo.Skia.Gtk", "Demo.Skia.Gtk\Demo.Skia.Gtk.csproj", "{DCE0ED48-4AB4-44F5-B1A6-BEEAFBED9A10}"
EndProject
Project("{9A19103F-16F7-4668-BE54-9A1E7A4F7556}") = "Demo.Skia.WPF", "Demo.Skia.WPF\Demo.Skia.WPF.csproj", "{CBBBE705-795E-4C37-8CB6-28E0E030BA8D}"
EndProject
Project("{9A19103F-16F7-4668-BE54-9A1E7A4F7556}") = "Demo.Windows", "Demo.Windows\Demo.Windows.csproj", "{9E6958E0-A57D-4D42-AE87-DE414FA5EE84}"
EndProject
Project("{9A19103F-16F7-4668-BE54-9A1E7A4F7556}") = "Demo.Skia.Linux.FrameBuffer", "Demo.Skia.Linux.FrameBuffer\Demo.Skia.Linux.FrameBuffer.csproj", "{5D8561E8-B160-4143-B21B-0E0A633FF795}"
EndProject
Project("{9A19103F-16F7-4668-BE54-9A1E7A4F7556}") = "Demo.Server", "Demo.Server\Demo.Server.csproj", "{7C1F577D-BA81-4769-B9AD-87A8781D3A5D}"
EndProject
Project("{9A19103F-16F7-4668-BE54-9A1E7A4F7556}") = "Demo.DataContracts", "Demo.DataContracts\Demo.DataContracts.csproj", "{9E306F32-C2C4-4F9F-9E7B-8D6113324FA7}"
EndProject
Project("{9A19103F-16F7-4668-BE54-9A1E7A4F7556}") = "Demo.Tests", "Demo.Tests\Demo.Tests.csproj", "{60FF8731-A0DC-4E65-B479-FD15AA7F622A}"
EndProject
Project("{9A19103F-16F7-4668-BE54-9A1E7A4F7556}") = "Demo.UITests", "Demo.UITests\Demo.UITests.csproj", "{553A04A8-B706-42B2-8830-06CD6115930A}"
EndProject

Project("{2150E333-8FDC-42A3-9474-1A3956D46DE8}") = "Solution Items", "Solution Items", "{BADA71DC-7FFD-4EDC-9F28-FB74AEADC713}"
	ProjectSection(SolutionItems) = preProject
		Directory.Build.props = Directory.Build.props
		Directory.Build.targets = Directory.Build.targets
		global.json = global.json
	EndProjectSection
EndProject
Global
	GlobalSection(SolutionConfigurationPlatforms) = preSolution
		Debug|Any CPU = Debug|Any CPU
		Debug|ARM = Debug|ARM
		Debug|ARM64 = Debug|ARM64
		Debug|iPhone = Debug|iPhone
		Debug|iPhoneSimulator = Debug|iPhoneSimulator
		Debug|x64 = Debug|x64
		Debug|x86 = Debug|x86
		Release|Any CPU = Release|Any CPU
		Release|ARM = Release|ARM
		Release|ARM64 = Release|ARM64
		Release|iPhone = Release|iPhone
		Release|iPhoneSimulator = Release|iPhoneSimulator
		Release|x64 = Release|x64
		Release|x86 = Release|x86
	EndGlobalSection
	GlobalSection(ProjectConfigurationPlatforms) = postSolution
		{94D3F98C-4D24-4703-AC69-21F6261C7E45}.Debug|Any CPU.ActiveCfg = Debug|Any CPU
		{94D3F98C-4D24-4703-AC69-21F6261C7E45}.Debug|Any CPU.Build.0 = Debug|Any CPU
		{94D3F98C-4D24-4703-AC69-21F6261C7E45}.Debug|Any CPU.Deploy.0 = Debug|Any CPU
		{94D3F98C-4D24-4703-AC69-21F6261C7E45}.Debug|ARM.ActiveCfg = Debug|Any CPU
		{94D3F98C-4D24-4703-AC69-21F6261C7E45}.Debug|ARM.Build.0 = Debug|Any CPU
		{94D3F98C-4D24-4703-AC69-21F6261C7E45}.Debug|ARM.Deploy.0 = Debug|Any CPU
		{94D3F98C-4D24-4703-AC69-21F6261C7E45}.Debug|ARM64.ActiveCfg = Debug|Any CPU
		{94D3F98C-4D24-4703-AC69-21F6261C7E45}.Debug|ARM64.Build.0 = Debug|Any CPU
		{94D3F98C-4D24-4703-AC69-21F6261C7E45}.Debug|ARM64.Deploy.0 = Debug|Any CPU
		{94D3F98C-4D24-4703-AC69-21F6261C7E45}.Debug|iPhone.ActiveCfg = Debug|Any CPU
		{94D3F98C-4D24-4703-AC69-21F6261C7E45}.Debug|iPhone.Build.0 = Debug|Any CPU
		{94D3F98C-4D24-4703-AC69-21F6261C7E45}.Debug|iPhone.Deploy.0 = Debug|Any CPU
		{94D3F98C-4D24-4703-AC69-21F6261C7E45}.Debug|iPhoneSimulator.ActiveCfg = Debug|Any CPU
		{94D3F98C-4D24-4703-AC69-21F6261C7E45}.Debug|iPhoneSimulator.Build.0 = Debug|Any CPU
		{94D3F98C-4D24-4703-AC69-21F6261C7E45}.Debug|iPhoneSimulator.Deploy.0 = Debug|Any CPU
		{94D3F98C-4D24-4703-AC69-21F6261C7E45}.Debug|x64.ActiveCfg = Debug|Any CPU
		{94D3F98C-4D24-4703-AC69-21F6261C7E45}.Debug|x64.Build.0 = Debug|Any CPU
		{94D3F98C-4D24-4703-AC69-21F6261C7E45}.Debug|x64.Deploy.0 = Debug|Any CPU
		{94D3F98C-4D24-4703-AC69-21F6261C7E45}.Debug|x86.ActiveCfg = Debug|Any CPU
		{94D3F98C-4D24-4703-AC69-21F6261C7E45}.Debug|x86.Build.0 = Debug|Any CPU
		{94D3F98C-4D24-4703-AC69-21F6261C7E45}.Debug|x86.Deploy.0 = Debug|Any CPU
		{94D3F98C-4D24-4703-AC69-21F6261C7E45}.Release|Any CPU.ActiveCfg = Release|Any CPU
		{94D3F98C-4D24-4703-AC69-21F6261C7E45}.Release|Any CPU.Build.0 = Release|Any CPU
		{94D3F98C-4D24-4703-AC69-21F6261C7E45}.Release|Any CPU.Deploy.0 = Release|Any CPU
		{94D3F98C-4D24-4703-AC69-21F6261C7E45}.Release|ARM.ActiveCfg = Release|Any CPU
		{94D3F98C-4D24-4703-AC69-21F6261C7E45}.Release|ARM.Build.0 = Release|Any CPU
		{94D3F98C-4D24-4703-AC69-21F6261C7E45}.Release|ARM.Deploy.0 = Release|Any CPU
		{94D3F98C-4D24-4703-AC69-21F6261C7E45}.Release|ARM64.ActiveCfg = Release|Any CPU
		{94D3F98C-4D24-4703-AC69-21F6261C7E45}.Release|ARM64.Build.0 = Release|Any CPU
		{94D3F98C-4D24-4703-AC69-21F6261C7E45}.Release|ARM64.Deploy.0 = Release|Any CPU
		{94D3F98C-4D24-4703-AC69-21F6261C7E45}.Release|iPhone.ActiveCfg = Release|Any CPU
		{94D3F98C-4D24-4703-AC69-21F6261C7E45}.Release|iPhone.Build.0 = Release|Any CPU
		{94D3F98C-4D24-4703-AC69-21F6261C7E45}.Release|iPhone.Deploy.0 = Release|Any CPU
		{94D3F98C-4D24-4703-AC69-21F6261C7E45}.Release|iPhoneSimulator.ActiveCfg = Release|Any CPU
		{94D3F98C-4D24-4703-AC69-21F6261C7E45}.Release|iPhoneSimulator.Build.0 = Release|Any CPU
		{94D3F98C-4D24-4703-AC69-21F6261C7E45}.Release|iPhoneSimulator.Deploy.0 = Release|Any CPU
		{94D3F98C-4D24-4703-AC69-21F6261C7E45}.Release|x64.ActiveCfg = Release|Any CPU
		{94D3F98C-4D24-4703-AC69-21F6261C7E45}.Release|x64.Build.0 = Release|Any CPU
		{94D3F98C-4D24-4703-AC69-21F6261C7E45}.Release|x64.Deploy.0 = Release|Any CPU
		{94D3F98C-4D24-4703-AC69-21F6261C7E45}.Release|x86.ActiveCfg = Release|Any CPU
		{94D3F98C-4D24-4703-AC69-21F6261C7E45}.Release|x86.Build.0 = Release|Any CPU
		{94D3F98C-4D24-4703-AC69-21F6261C7E45}.Release|x86.Deploy.0 = Release|Any CPU
		{83A5AD25-AB51-449E-B4CE-AB3FE24C1FEB}.Debug|Any CPU.ActiveCfg = Debug|Any CPU
		{83A5AD25-AB51-449E-B4CE-AB3FE24C1FEB}.Debug|Any CPU.Build.0 = Debug|Any CPU
		{83A5AD25-AB51-449E-B4CE-AB3FE24C1FEB}.Debug|ARM.ActiveCfg = Debug|Any CPU
		{83A5AD25-AB51-449E-B4CE-AB3FE24C1FEB}.Debug|ARM.Build.0 = Debug|Any CPU
		{83A5AD25-AB51-449E-B4CE-AB3FE24C1FEB}.Debug|ARM64.ActiveCfg = Debug|Any CPU
		{83A5AD25-AB51-449E-B4CE-AB3FE24C1FEB}.Debug|ARM64.Build.0 = Debug|Any CPU
		{83A5AD25-AB51-449E-B4CE-AB3FE24C1FEB}.Debug|iPhone.ActiveCfg = Debug|Any CPU
		{83A5AD25-AB51-449E-B4CE-AB3FE24C1FEB}.Debug|iPhone.Build.0 = Debug|Any CPU
		{83A5AD25-AB51-449E-B4CE-AB3FE24C1FEB}.Debug|iPhoneSimulator.ActiveCfg = Debug|Any CPU
		{83A5AD25-AB51-449E-B4CE-AB3FE24C1FEB}.Debug|iPhoneSimulator.Build.0 = Debug|Any CPU
		{83A5AD25-AB51-449E-B4CE-AB3FE24C1FEB}.Debug|x64.ActiveCfg = Debug|Any CPU
		{83A5AD25-AB51-449E-B4CE-AB3FE24C1FEB}.Debug|x64.Build.0 = Debug|Any CPU
		{83A5AD25-AB51-449E-B4CE-AB3FE24C1FEB}.Debug|x86.ActiveCfg = Debug|Any CPU
		{83A5AD25-AB51-449E-B4CE-AB3FE24C1FEB}.Debug|x86.Build.0 = Debug|Any CPU
		{83A5AD25-AB51-449E-B4CE-AB3FE24C1FEB}.Release|Any CPU.ActiveCfg = Release|Any CPU
		{83A5AD25-AB51-449E-B4CE-AB3FE24C1FEB}.Release|Any CPU.Build.0 = Release|Any CPU
		{83A5AD25-AB51-449E-B4CE-AB3FE24C1FEB}.Release|ARM.ActiveCfg = Release|Any CPU
		{83A5AD25-AB51-449E-B4CE-AB3FE24C1FEB}.Release|ARM.Build.0 = Release|Any CPU
		{83A5AD25-AB51-449E-B4CE-AB3FE24C1FEB}.Release|ARM64.ActiveCfg = Release|Any CPU
		{83A5AD25-AB51-449E-B4CE-AB3FE24C1FEB}.Release|ARM64.Build.0 = Release|Any CPU
		{83A5AD25-AB51-449E-B4CE-AB3FE24C1FEB}.Release|iPhone.ActiveCfg = Release|Any CPU
		{83A5AD25-AB51-449E-B4CE-AB3FE24C1FEB}.Release|iPhone.Build.0 = Release|Any CPU
		{83A5AD25-AB51-449E-B4CE-AB3FE24C1FEB}.Release|iPhoneSimulator.ActiveCfg = Release|Any CPU
		{83A5AD25-AB51-449E-B4CE-AB3FE24C1FEB}.Release|iPhoneSimulator.Build.0 = Release|Any CPU
		{83A5AD25-AB51-449E-B4CE-AB3FE24C1FEB}.Release|x64.ActiveCfg = Release|Any CPU
		{83A5AD25-AB51-449E-B4CE-AB3FE24C1FEB}.Release|x64.Build.0 = Release|Any CPU
		{83A5AD25-AB51-449E-B4CE-AB3FE24C1FEB}.Release|x86.ActiveCfg = Release|Any CPU
		{83A5AD25-AB51-449E-B4CE-AB3FE24C1FEB}.Release|x86.Build.0 = Release|Any CPU
		{DCE0ED48-4AB4-44F5-B1A6-BEEAFBED9A10}.Debug|Any CPU.ActiveCfg = Debug|Any CPU
		{DCE0ED48-4AB4-44F5-B1A6-BEEAFBED9A10}.Debug|Any CPU.Build.0 = Debug|Any CPU
		{DCE0ED48-4AB4-44F5-B1A6-BEEAFBED9A10}.Debug|ARM.ActiveCfg = Debug|Any CPU
		{DCE0ED48-4AB4-44F5-B1A6-BEEAFBED9A10}.Debug|ARM.Build.0 = Debug|Any CPU
		{DCE0ED48-4AB4-44F5-B1A6-BEEAFBED9A10}.Debug|ARM64.ActiveCfg = Debug|Any CPU
		{DCE0ED48-4AB4-44F5-B1A6-BEEAFBED9A10}.Debug|ARM64.Build.0 = Debug|Any CPU
		{DCE0ED48-4AB4-44F5-B1A6-BEEAFBED9A10}.Debug|iPhone.ActiveCfg = Debug|Any CPU
		{DCE0ED48-4AB4-44F5-B1A6-BEEAFBED9A10}.Debug|iPhone.Build.0 = Debug|Any CPU
		{DCE0ED48-4AB4-44F5-B1A6-BEEAFBED9A10}.Debug|iPhoneSimulator.ActiveCfg = Debug|Any CPU
		{DCE0ED48-4AB4-44F5-B1A6-BEEAFBED9A10}.Debug|iPhoneSimulator.Build.0 = Debug|Any CPU
		{DCE0ED48-4AB4-44F5-B1A6-BEEAFBED9A10}.Debug|x64.ActiveCfg = Debug|Any CPU
		{DCE0ED48-4AB4-44F5-B1A6-BEEAFBED9A10}.Debug|x64.Build.0 = Debug|Any CPU
		{DCE0ED48-4AB4-44F5-B1A6-BEEAFBED9A10}.Debug|x86.ActiveCfg = Debug|Any CPU
		{DCE0ED48-4AB4-44F5-B1A6-BEEAFBED9A10}.Debug|x86.Build.0 = Debug|Any CPU
		{DCE0ED48-4AB4-44F5-B1A6-BEEAFBED9A10}.Release|Any CPU.ActiveCfg = Release|Any CPU
		{DCE0ED48-4AB4-44F5-B1A6-BEEAFBED9A10}.Release|Any CPU.Build.0 = Release|Any CPU
		{DCE0ED48-4AB4-44F5-B1A6-BEEAFBED9A10}.Release|ARM.ActiveCfg = Release|Any CPU
		{DCE0ED48-4AB4-44F5-B1A6-BEEAFBED9A10}.Release|ARM.Build.0 = Release|Any CPU
		{DCE0ED48-4AB4-44F5-B1A6-BEEAFBED9A10}.Release|ARM64.ActiveCfg = Release|Any CPU
		{DCE0ED48-4AB4-44F5-B1A6-BEEAFBED9A10}.Release|ARM64.Build.0 = Release|Any CPU
		{DCE0ED48-4AB4-44F5-B1A6-BEEAFBED9A10}.Release|iPhone.ActiveCfg = Release|Any CPU
		{DCE0ED48-4AB4-44F5-B1A6-BEEAFBED9A10}.Release|iPhone.Build.0 = Release|Any CPU
		{DCE0ED48-4AB4-44F5-B1A6-BEEAFBED9A10}.Release|iPhoneSimulator.ActiveCfg = Release|Any CPU
		{DCE0ED48-4AB4-44F5-B1A6-BEEAFBED9A10}.Release|iPhoneSimulator.Build.0 = Release|Any CPU
		{DCE0ED48-4AB4-44F5-B1A6-BEEAFBED9A10}.Release|x64.ActiveCfg = Release|Any CPU
		{DCE0ED48-4AB4-44F5-B1A6-BEEAFBED9A10}.Release|x64.Build.0 = Release|Any CPU
		{DCE0ED48-4AB4-44F5-B1A6-BEEAFBED9A10}.Release|x86.ActiveCfg = Release|Any CPU
		{DCE0ED48-4AB4-44F5-B1A6-BEEAFBED9A10}.Release|x86.Build.0 = Release|Any CPU
		{CBBBE705-795E-4C37-8CB6-28E0E030BA8D}.Debug|Any CPU.ActiveCfg = Debug|Any CPU
		{CBBBE705-795E-4C37-8CB6-28E0E030BA8D}.Debug|Any CPU.Build.0 = Debug|Any CPU
		{CBBBE705-795E-4C37-8CB6-28E0E030BA8D}.Debug|Any CPU.Deploy.0 = Debug|Any CPU
		{CBBBE705-795E-4C37-8CB6-28E0E030BA8D}.Debug|ARM.ActiveCfg = Debug|Any CPU
		{CBBBE705-795E-4C37-8CB6-28E0E030BA8D}.Debug|ARM.Build.0 = Debug|Any CPU
		{CBBBE705-795E-4C37-8CB6-28E0E030BA8D}.Debug|ARM.Deploy.0 = Debug|Any CPU
		{CBBBE705-795E-4C37-8CB6-28E0E030BA8D}.Debug|ARM64.ActiveCfg = Debug|Any CPU
		{CBBBE705-795E-4C37-8CB6-28E0E030BA8D}.Debug|ARM64.Build.0 = Debug|Any CPU
		{CBBBE705-795E-4C37-8CB6-28E0E030BA8D}.Debug|ARM64.Deploy.0 = Debug|Any CPU
		{CBBBE705-795E-4C37-8CB6-28E0E030BA8D}.Debug|iPhone.ActiveCfg = Debug|Any CPU
		{CBBBE705-795E-4C37-8CB6-28E0E030BA8D}.Debug|iPhone.Build.0 = Debug|Any CPU
		{CBBBE705-795E-4C37-8CB6-28E0E030BA8D}.Debug|iPhone.Deploy.0 = Debug|Any CPU
		{CBBBE705-795E-4C37-8CB6-28E0E030BA8D}.Debug|iPhoneSimulator.ActiveCfg = Debug|Any CPU
		{CBBBE705-795E-4C37-8CB6-28E0E030BA8D}.Debug|iPhoneSimulator.Build.0 = Debug|Any CPU
		{CBBBE705-795E-4C37-8CB6-28E0E030BA8D}.Debug|iPhoneSimulator.Deploy.0 = Debug|Any CPU
		{CBBBE705-795E-4C37-8CB6-28E0E030BA8D}.Debug|x64.ActiveCfg = Debug|Any CPU
		{CBBBE705-795E-4C37-8CB6-28E0E030BA8D}.Debug|x64.Build.0 = Debug|Any CPU
		{CBBBE705-795E-4C37-8CB6-28E0E030BA8D}.Debug|x64.Deploy.0 = Debug|Any CPU
		{CBBBE705-795E-4C37-8CB6-28E0E030BA8D}.Debug|x86.ActiveCfg = Debug|Any CPU
		{CBBBE705-795E-4C37-8CB6-28E0E030BA8D}.Debug|x86.Build.0 = Debug|Any CPU
		{CBBBE705-795E-4C37-8CB6-28E0E030BA8D}.Debug|x86.Deploy.0 = Debug|Any CPU
		{CBBBE705-795E-4C37-8CB6-28E0E030BA8D}.Release|Any CPU.ActiveCfg = Release|Any CPU
		{CBBBE705-795E-4C37-8CB6-28E0E030BA8D}.Release|ARM.ActiveCfg = Release|Any CPU
		{CBBBE705-795E-4C37-8CB6-28E0E030BA8D}.Release|ARM.Build.0 = Release|Any CPU
		{CBBBE705-795E-4C37-8CB6-28E0E030BA8D}.Release|ARM.Deploy.0 = Release|Any CPU
		{CBBBE705-795E-4C37-8CB6-28E0E030BA8D}.Release|ARM64.ActiveCfg = Release|Any CPU
		{CBBBE705-795E-4C37-8CB6-28E0E030BA8D}.Release|ARM64.Build.0 = Release|Any CPU
		{CBBBE705-795E-4C37-8CB6-28E0E030BA8D}.Release|ARM64.Deploy.0 = Release|Any CPU
		{CBBBE705-795E-4C37-8CB6-28E0E030BA8D}.Release|iPhone.ActiveCfg = Release|Any CPU
		{CBBBE705-795E-4C37-8CB6-28E0E030BA8D}.Release|iPhone.Build.0 = Release|Any CPU
		{CBBBE705-795E-4C37-8CB6-28E0E030BA8D}.Release|iPhoneSimulator.ActiveCfg = Release|Any CPU
		{CBBBE705-795E-4C37-8CB6-28E0E030BA8D}.Release|iPhoneSimulator.Build.0 = Release|Any CPU
		{CBBBE705-795E-4C37-8CB6-28E0E030BA8D}.Release|iPhoneSimulator.Deploy.0 = Release|Any CPU
		{CBBBE705-795E-4C37-8CB6-28E0E030BA8D}.Release|x64.ActiveCfg = Release|Any CPU
		{CBBBE705-795E-4C37-8CB6-28E0E030BA8D}.Release|x64.Build.0 = Release|Any CPU
		{CBBBE705-795E-4C37-8CB6-28E0E030BA8D}.Release|x64.Deploy.0 = Release|Any CPU
		{CBBBE705-795E-4C37-8CB6-28E0E030BA8D}.Release|x86.ActiveCfg = Release|Any CPU
		{CBBBE705-795E-4C37-8CB6-28E0E030BA8D}.Release|x86.Build.0 = Release|Any CPU
		{CBBBE705-795E-4C37-8CB6-28E0E030BA8D}.Release|x86.Deploy.0 = Release|Any CPU
		{7C1F577D-BA81-4769-B9AD-87A8781D3A5D}.Debug|Any CPU.ActiveCfg = Debug|Any CPU
		{7C1F577D-BA81-4769-B9AD-87A8781D3A5D}.Debug|Any CPU.Build.0 = Debug|Any CPU
		{7C1F577D-BA81-4769-B9AD-87A8781D3A5D}.Debug|ARM.ActiveCfg = Debug|Any CPU
		{7C1F577D-BA81-4769-B9AD-87A8781D3A5D}.Debug|ARM.Build.0 = Debug|Any CPU
		{7C1F577D-BA81-4769-B9AD-87A8781D3A5D}.Debug|ARM64.ActiveCfg = Debug|Any CPU
		{7C1F577D-BA81-4769-B9AD-87A8781D3A5D}.Debug|ARM64.Build.0 = Debug|Any CPU
		{7C1F577D-BA81-4769-B9AD-87A8781D3A5D}.Debug|iPhone.ActiveCfg = Debug|Any CPU
		{7C1F577D-BA81-4769-B9AD-87A8781D3A5D}.Debug|iPhone.Build.0 = Debug|Any CPU
		{7C1F577D-BA81-4769-B9AD-87A8781D3A5D}.Debug|iPhoneSimulator.ActiveCfg = Debug|Any CPU
		{7C1F577D-BA81-4769-B9AD-87A8781D3A5D}.Debug|iPhoneSimulator.Build.0 = Debug|Any CPU
		{7C1F577D-BA81-4769-B9AD-87A8781D3A5D}.Debug|x64.ActiveCfg = Debug|Any CPU
		{7C1F577D-BA81-4769-B9AD-87A8781D3A5D}.Debug|x64.Build.0 = Debug|Any CPU
		{7C1F577D-BA81-4769-B9AD-87A8781D3A5D}.Debug|x86.ActiveCfg = Debug|Any CPU
		{7C1F577D-BA81-4769-B9AD-87A8781D3A5D}.Debug|x86.Build.0 = Debug|Any CPU
		{7C1F577D-BA81-4769-B9AD-87A8781D3A5D}.Release|Any CPU.ActiveCfg = Release|Any CPU
		{7C1F577D-BA81-4769-B9AD-87A8781D3A5D}.Release|Any CPU.Build.0 = Release|Any CPU
		{7C1F577D-BA81-4769-B9AD-87A8781D3A5D}.Release|ARM.ActiveCfg = Release|Any CPU
		{7C1F577D-BA81-4769-B9AD-87A8781D3A5D}.Release|ARM.Build.0 = Release|Any CPU
		{7C1F577D-BA81-4769-B9AD-87A8781D3A5D}.Release|ARM64.ActiveCfg = Release|Any CPU
		{7C1F577D-BA81-4769-B9AD-87A8781D3A5D}.Release|ARM64.Build.0 = Release|Any CPU
		{7C1F577D-BA81-4769-B9AD-87A8781D3A5D}.Release|iPhone.ActiveCfg = Release|Any CPU
		{7C1F577D-BA81-4769-B9AD-87A8781D3A5D}.Release|iPhone.Build.0 = Release|Any CPU
		{7C1F577D-BA81-4769-B9AD-87A8781D3A5D}.Release|iPhoneSimulator.ActiveCfg = Release|Any CPU
		{7C1F577D-BA81-4769-B9AD-87A8781D3A5D}.Release|iPhoneSimulator.Build.0 = Release|Any CPU
		{7C1F577D-BA81-4769-B9AD-87A8781D3A5D}.Release|x64.ActiveCfg = Release|Any CPU
		{7C1F577D-BA81-4769-B9AD-87A8781D3A5D}.Release|x64.Build.0 = Release|Any CPU
		{7C1F577D-BA81-4769-B9AD-87A8781D3A5D}.Release|x86.ActiveCfg = Release|Any CPU
		{7C1F577D-BA81-4769-B9AD-87A8781D3A5D}.Release|x86.Build.0 = Release|Any CPU
		{9E306F32-C2C4-4F9F-9E7B-8D6113324FA7}.Debug|Any CPU.ActiveCfg = Debug|Any CPU
		{9E306F32-C2C4-4F9F-9E7B-8D6113324FA7}.Debug|Any CPU.Build.0 = Debug|Any CPU
		{9E306F32-C2C4-4F9F-9E7B-8D6113324FA7}.Debug|ARM.ActiveCfg = Debug|Any CPU
		{9E306F32-C2C4-4F9F-9E7B-8D6113324FA7}.Debug|ARM.Build.0 = Debug|Any CPU
		{9E306F32-C2C4-4F9F-9E7B-8D6113324FA7}.Debug|ARM64.ActiveCfg = Debug|Any CPU
		{9E306F32-C2C4-4F9F-9E7B-8D6113324FA7}.Debug|ARM64.Build.0 = Debug|Any CPU
		{9E306F32-C2C4-4F9F-9E7B-8D6113324FA7}.Debug|iPhone.ActiveCfg = Debug|Any CPU
		{9E306F32-C2C4-4F9F-9E7B-8D6113324FA7}.Debug|iPhone.Build.0 = Debug|Any CPU
		{9E306F32-C2C4-4F9F-9E7B-8D6113324FA7}.Debug|iPhoneSimulator.ActiveCfg = Debug|Any CPU
		{9E306F32-C2C4-4F9F-9E7B-8D6113324FA7}.Debug|iPhoneSimulator.Build.0 = Debug|Any CPU
		{9E306F32-C2C4-4F9F-9E7B-8D6113324FA7}.Debug|x64.ActiveCfg = Debug|Any CPU
		{9E306F32-C2C4-4F9F-9E7B-8D6113324FA7}.Debug|x64.Build.0 = Debug|Any CPU
		{9E306F32-C2C4-4F9F-9E7B-8D6113324FA7}.Debug|x86.ActiveCfg = Debug|Any CPU
		{9E306F32-C2C4-4F9F-9E7B-8D6113324FA7}.Debug|x86.Build.0 = Debug|Any CPU
		{9E306F32-C2C4-4F9F-9E7B-8D6113324FA7}.Release|Any CPU.ActiveCfg = Release|Any CPU
		{9E306F32-C2C4-4F9F-9E7B-8D6113324FA7}.Release|Any CPU.Build.0 = Release|Any CPU
		{9E306F32-C2C4-4F9F-9E7B-8D6113324FA7}.Release|ARM.ActiveCfg = Release|Any CPU
		{9E306F32-C2C4-4F9F-9E7B-8D6113324FA7}.Release|ARM.Build.0 = Release|Any CPU
		{9E306F32-C2C4-4F9F-9E7B-8D6113324FA7}.Release|ARM64.ActiveCfg = Release|Any CPU
		{9E306F32-C2C4-4F9F-9E7B-8D6113324FA7}.Release|ARM64.Build.0 = Release|Any CPU
		{9E306F32-C2C4-4F9F-9E7B-8D6113324FA7}.Release|iPhone.ActiveCfg = Release|Any CPU
		{9E306F32-C2C4-4F9F-9E7B-8D6113324FA7}.Release|iPhone.Build.0 = Release|Any CPU
		{9E306F32-C2C4-4F9F-9E7B-8D6113324FA7}.Release|iPhoneSimulator.ActiveCfg = Release|Any CPU
		{9E306F32-C2C4-4F9F-9E7B-8D6113324FA7}.Release|iPhoneSimulator.Build.0 = Release|Any CPU
		{9E306F32-C2C4-4F9F-9E7B-8D6113324FA7}.Release|x64.ActiveCfg = Release|Any CPU
		{9E306F32-C2C4-4F9F-9E7B-8D6113324FA7}.Release|x64.Build.0 = Release|Any CPU
		{9E306F32-C2C4-4F9F-9E7B-8D6113324FA7}.Release|x86.ActiveCfg = Release|Any CPU
		{9E306F32-C2C4-4F9F-9E7B-8D6113324FA7}.Release|x86.Build.0 = Release|Any CPU
		{85DA84EE-F07D-4271-8E26-6CFDBAC12CCE}.Debug|Any CPU.ActiveCfg = Debug|Any CPU
		{85DA84EE-F07D-4271-8E26-6CFDBAC12CCE}.Debug|Any CPU.Build.0 = Debug|Any CPU
		{85DA84EE-F07D-4271-8E26-6CFDBAC12CCE}.Debug|ARM.ActiveCfg = Debug|Any CPU
		{85DA84EE-F07D-4271-8E26-6CFDBAC12CCE}.Debug|ARM.Build.0 = Debug|Any CPU
		{85DA84EE-F07D-4271-8E26-6CFDBAC12CCE}.Debug|ARM64.ActiveCfg = Debug|Any CPU
		{85DA84EE-F07D-4271-8E26-6CFDBAC12CCE}.Debug|ARM64.Build.0 = Debug|Any CPU
		{85DA84EE-F07D-4271-8E26-6CFDBAC12CCE}.Debug|iPhone.ActiveCfg = Debug|Any CPU
		{85DA84EE-F07D-4271-8E26-6CFDBAC12CCE}.Debug|iPhone.Build.0 = Debug|Any CPU
		{85DA84EE-F07D-4271-8E26-6CFDBAC12CCE}.Debug|iPhoneSimulator.ActiveCfg = Debug|Any CPU
		{85DA84EE-F07D-4271-8E26-6CFDBAC12CCE}.Debug|iPhoneSimulator.Build.0 = Debug|Any CPU
		{85DA84EE-F07D-4271-8E26-6CFDBAC12CCE}.Debug|x64.ActiveCfg = Debug|Any CPU
		{85DA84EE-F07D-4271-8E26-6CFDBAC12CCE}.Debug|x64.Build.0 = Debug|Any CPU
		{85DA84EE-F07D-4271-8E26-6CFDBAC12CCE}.Debug|x86.ActiveCfg = Debug|Any CPU
		{85DA84EE-F07D-4271-8E26-6CFDBAC12CCE}.Debug|x86.Build.0 = Debug|Any CPU
		{85DA84EE-F07D-4271-8E26-6CFDBAC12CCE}.Release|Any CPU.ActiveCfg = Release|Any CPU
		{85DA84EE-F07D-4271-8E26-6CFDBAC12CCE}.Release|Any CPU.Build.0 = Release|Any CPU
		{85DA84EE-F07D-4271-8E26-6CFDBAC12CCE}.Release|ARM.ActiveCfg = Release|Any CPU
		{85DA84EE-F07D-4271-8E26-6CFDBAC12CCE}.Release|ARM.Build.0 = Release|Any CPU
		{85DA84EE-F07D-4271-8E26-6CFDBAC12CCE}.Release|ARM64.ActiveCfg = Release|Any CPU
		{85DA84EE-F07D-4271-8E26-6CFDBAC12CCE}.Release|ARM64.Build.0 = Release|Any CPU
		{85DA84EE-F07D-4271-8E26-6CFDBAC12CCE}.Release|iPhone.ActiveCfg = Release|Any CPU
		{85DA84EE-F07D-4271-8E26-6CFDBAC12CCE}.Release|iPhone.Build.0 = Release|Any CPU
		{85DA84EE-F07D-4271-8E26-6CFDBAC12CCE}.Release|iPhoneSimulator.ActiveCfg = Release|Any CPU
		{85DA84EE-F07D-4271-8E26-6CFDBAC12CCE}.Release|iPhoneSimulator.Build.0 = Release|Any CPU
		{85DA84EE-F07D-4271-8E26-6CFDBAC12CCE}.Release|x64.ActiveCfg = Release|Any CPU
		{85DA84EE-F07D-4271-8E26-6CFDBAC12CCE}.Release|x64.Build.0 = Release|Any CPU
		{85DA84EE-F07D-4271-8E26-6CFDBAC12CCE}.Release|x86.ActiveCfg = Release|Any CPU
		{85DA84EE-F07D-4271-8E26-6CFDBAC12CCE}.Release|x86.Build.0 = Release|Any CPU
		{60FF8731-A0DC-4E65-B479-FD15AA7F622A}.Debug|Any CPU.ActiveCfg = Debug|Any CPU
		{60FF8731-A0DC-4E65-B479-FD15AA7F622A}.Debug|Any CPU.Build.0 = Debug|Any CPU
		{60FF8731-A0DC-4E65-B479-FD15AA7F622A}.Debug|ARM.ActiveCfg = Debug|Any CPU
		{60FF8731-A0DC-4E65-B479-FD15AA7F622A}.Debug|ARM.Build.0 = Debug|Any CPU
		{60FF8731-A0DC-4E65-B479-FD15AA7F622A}.Debug|ARM64.ActiveCfg = Debug|Any CPU
		{60FF8731-A0DC-4E65-B479-FD15AA7F622A}.Debug|ARM64.Build.0 = Debug|Any CPU
		{60FF8731-A0DC-4E65-B479-FD15AA7F622A}.Debug|iPhone.ActiveCfg = Debug|Any CPU
		{60FF8731-A0DC-4E65-B479-FD15AA7F622A}.Debug|iPhone.Build.0 = Debug|Any CPU
		{60FF8731-A0DC-4E65-B479-FD15AA7F622A}.Debug|iPhoneSimulator.ActiveCfg = Debug|Any CPU
		{60FF8731-A0DC-4E65-B479-FD15AA7F622A}.Debug|iPhoneSimulator.Build.0 = Debug|Any CPU
		{60FF8731-A0DC-4E65-B479-FD15AA7F622A}.Debug|x64.ActiveCfg = Debug|Any CPU
		{60FF8731-A0DC-4E65-B479-FD15AA7F622A}.Debug|x64.Build.0 = Debug|Any CPU
		{60FF8731-A0DC-4E65-B479-FD15AA7F622A}.Debug|x86.ActiveCfg = Debug|Any CPU
		{60FF8731-A0DC-4E65-B479-FD15AA7F622A}.Debug|x86.Build.0 = Debug|Any CPU
		{60FF8731-A0DC-4E65-B479-FD15AA7F622A}.Release|Any CPU.ActiveCfg = Release|Any CPU
		{60FF8731-A0DC-4E65-B479-FD15AA7F622A}.Release|Any CPU.Build.0 = Release|Any CPU
		{60FF8731-A0DC-4E65-B479-FD15AA7F622A}.Release|ARM.ActiveCfg = Release|Any CPU
		{60FF8731-A0DC-4E65-B479-FD15AA7F622A}.Release|ARM.Build.0 = Release|Any CPU
		{60FF8731-A0DC-4E65-B479-FD15AA7F622A}.Release|ARM64.ActiveCfg = Release|Any CPU
		{60FF8731-A0DC-4E65-B479-FD15AA7F622A}.Release|ARM64.Build.0 = Release|Any CPU
		{60FF8731-A0DC-4E65-B479-FD15AA7F622A}.Release|iPhone.ActiveCfg = Release|Any CPU
		{60FF8731-A0DC-4E65-B479-FD15AA7F622A}.Release|iPhone.Build.0 = Release|Any CPU
		{60FF8731-A0DC-4E65-B479-FD15AA7F622A}.Release|iPhoneSimulator.ActiveCfg = Release|Any CPU
		{60FF8731-A0DC-4E65-B479-FD15AA7F622A}.Release|iPhoneSimulator.Build.0 = Release|Any CPU
		{60FF8731-A0DC-4E65-B479-FD15AA7F622A}.Release|x64.ActiveCfg = Release|Any CPU
		{60FF8731-A0DC-4E65-B479-FD15AA7F622A}.Release|x64.Build.0 = Release|Any CPU
		{60FF8731-A0DC-4E65-B479-FD15AA7F622A}.Release|x86.ActiveCfg = Release|Any CPU
		{60FF8731-A0DC-4E65-B479-FD15AA7F622A}.Release|x86.Build.0 = Release|Any CPU
		{553A04A8-B706-42B2-8830-06CD6115930A}.Debug|Any CPU.ActiveCfg = Debug|Any CPU
		{553A04A8-B706-42B2-8830-06CD6115930A}.Debug|Any CPU.Build.0 = Debug|Any CPU
		{553A04A8-B706-42B2-8830-06CD6115930A}.Debug|ARM.ActiveCfg = Debug|Any CPU
		{553A04A8-B706-42B2-8830-06CD6115930A}.Debug|ARM.Build.0 = Debug|Any CPU
		{553A04A8-B706-42B2-8830-06CD6115930A}.Debug|ARM64.ActiveCfg = Debug|Any CPU
		{553A04A8-B706-42B2-8830-06CD6115930A}.Debug|ARM64.Build.0 = Debug|Any CPU
		{553A04A8-B706-42B2-8830-06CD6115930A}.Debug|iPhone.ActiveCfg = Debug|Any CPU
		{553A04A8-B706-42B2-8830-06CD6115930A}.Debug|iPhone.Build.0 = Debug|Any CPU
		{553A04A8-B706-42B2-8830-06CD6115930A}.Debug|iPhoneSimulator.ActiveCfg = Debug|Any CPU
		{553A04A8-B706-42B2-8830-06CD6115930A}.Debug|iPhoneSimulator.Build.0 = Debug|Any CPU
		{553A04A8-B706-42B2-8830-06CD6115930A}.Debug|x64.ActiveCfg = Debug|Any CPU
		{553A04A8-B706-42B2-8830-06CD6115930A}.Debug|x64.Build.0 = Debug|Any CPU
		{553A04A8-B706-42B2-8830-06CD6115930A}.Debug|x86.ActiveCfg = Debug|Any CPU
		{553A04A8-B706-42B2-8830-06CD6115930A}.Debug|x86.Build.0 = Debug|Any CPU
		{553A04A8-B706-42B2-8830-06CD6115930A}.Release|Any CPU.ActiveCfg = Release|Any CPU
		{553A04A8-B706-42B2-8830-06CD6115930A}.Release|Any CPU.Build.0 = Release|Any CPU
		{553A04A8-B706-42B2-8830-06CD6115930A}.Release|ARM.ActiveCfg = Release|Any CPU
		{553A04A8-B706-42B2-8830-06CD6115930A}.Release|ARM.Build.0 = Release|Any CPU
		{553A04A8-B706-42B2-8830-06CD6115930A}.Release|ARM64.ActiveCfg = Release|Any CPU
		{553A04A8-B706-42B2-8830-06CD6115930A}.Release|ARM64.Build.0 = Release|Any CPU
		{553A04A8-B706-42B2-8830-06CD6115930A}.Release|iPhone.ActiveCfg = Release|Any CPU
		{553A04A8-B706-42B2-8830-06CD6115930A}.Release|iPhone.Build.0 = Release|Any CPU
		{553A04A8-B706-42B2-8830-06CD6115930A}.Release|iPhoneSimulator.ActiveCfg = Release|Any CPU
		{553A04A8-B706-42B2-8830-06CD6115930A}.Release|iPhoneSimulator.Build.0 = Release|Any CPU
		{553A04A8-B706-42B2-8830-06CD6115930A}.Release|x64.ActiveCfg = Release|Any CPU
		{553A04A8-B706-42B2-8830-06CD6115930A}.Release|x64.Build.0 = Release|Any CPU
		{553A04A8-B706-42B2-8830-06CD6115930A}.Release|x86.ActiveCfg = Release|Any CPU
		{553A04A8-B706-42B2-8830-06CD6115930A}.Release|x86.Build.0 = Release|Any CPU
		{9E6958E0-A57D-4D42-AE87-DE414FA5EE84}.Debug|Any CPU.ActiveCfg = Debug|x64
		{9E6958E0-A57D-4D42-AE87-DE414FA5EE84}.Debug|Any CPU.Build.0 = Debug|x64
		{9E6958E0-A57D-4D42-AE87-DE414FA5EE84}.Debug|Any CPU.Deploy.0 = Debug|x64
		{9E6958E0-A57D-4D42-AE87-DE414FA5EE84}.Debug|ARM.ActiveCfg = Debug|x64
		{9E6958E0-A57D-4D42-AE87-DE414FA5EE84}.Debug|ARM.Build.0 = Debug|x64
		{9E6958E0-A57D-4D42-AE87-DE414FA5EE84}.Debug|ARM.Deploy.0 = Debug|x64
		{9E6958E0-A57D-4D42-AE87-DE414FA5EE84}.Debug|ARM64.ActiveCfg = Debug|arm64
		{9E6958E0-A57D-4D42-AE87-DE414FA5EE84}.Debug|ARM64.Build.0 = Debug|arm64
		{9E6958E0-A57D-4D42-AE87-DE414FA5EE84}.Debug|ARM64.Deploy.0 = Debug|arm64
		{9E6958E0-A57D-4D42-AE87-DE414FA5EE84}.Debug|iPhone.ActiveCfg = Debug|x64
		{9E6958E0-A57D-4D42-AE87-DE414FA5EE84}.Debug|iPhone.Build.0 = Debug|x64
		{9E6958E0-A57D-4D42-AE87-DE414FA5EE84}.Debug|iPhone.Deploy.0 = Debug|x64
		{9E6958E0-A57D-4D42-AE87-DE414FA5EE84}.Debug|iPhoneSimulator.ActiveCfg = Debug|x64
		{9E6958E0-A57D-4D42-AE87-DE414FA5EE84}.Debug|iPhoneSimulator.Build.0 = Debug|x64
		{9E6958E0-A57D-4D42-AE87-DE414FA5EE84}.Debug|iPhoneSimulator.Deploy.0 = Debug|x64
		{9E6958E0-A57D-4D42-AE87-DE414FA5EE84}.Debug|x64.ActiveCfg = Debug|x64
		{9E6958E0-A57D-4D42-AE87-DE414FA5EE84}.Debug|x64.Build.0 = Debug|x64
		{9E6958E0-A57D-4D42-AE87-DE414FA5EE84}.Debug|x86.ActiveCfg = Debug|x86
		{9E6958E0-A57D-4D42-AE87-DE414FA5EE84}.Debug|x86.Build.0 = Debug|x86
		{9E6958E0-A57D-4D42-AE87-DE414FA5EE84}.Release|Any CPU.ActiveCfg = Release|x64
		{9E6958E0-A57D-4D42-AE87-DE414FA5EE84}.Release|Any CPU.Build.0 = Release|x64
		{9E6958E0-A57D-4D42-AE87-DE414FA5EE84}.Release|Any CPU.Deploy.0 = Release|x64
		{9E6958E0-A57D-4D42-AE87-DE414FA5EE84}.Release|ARM.ActiveCfg = Release|x64
		{9E6958E0-A57D-4D42-AE87-DE414FA5EE84}.Release|ARM.Build.0 = Release|x64
		{9E6958E0-A57D-4D42-AE87-DE414FA5EE84}.Release|ARM64.ActiveCfg = Release|arm64
		{9E6958E0-A57D-4D42-AE87-DE414FA5EE84}.Release|ARM64.Build.0 = Release|arm64
		{9E6958E0-A57D-4D42-AE87-DE414FA5EE84}.Release|iPhone.ActiveCfg = Release|x64
		{9E6958E0-A57D-4D42-AE87-DE414FA5EE84}.Release|iPhone.Build.0 = Release|x64
		{9E6958E0-A57D-4D42-AE87-DE414FA5EE84}.Release|iPhoneSimulator.ActiveCfg = Release|x64
		{9E6958E0-A57D-4D42-AE87-DE414FA5EE84}.Release|iPhoneSimulator.Build.0 = Release|x64
		{9E6958E0-A57D-4D42-AE87-DE414FA5EE84}.Release|x64.ActiveCfg = Release|x64
		{9E6958E0-A57D-4D42-AE87-DE414FA5EE84}.Release|x64.Build.0 = Release|x64
		{9E6958E0-A57D-4D42-AE87-DE414FA5EE84}.Release|x86.ActiveCfg = Release|x86
		{9E6958E0-A57D-4D42-AE87-DE414FA5EE84}.Release|x86.Build.0 = Release|x86
		{5D8561E8-B160-4143-B21B-0E0A633FF795}.Debug|Any CPU.ActiveCfg = Debug|Any CPU
		{5D8561E8-B160-4143-B21B-0E0A633FF795}.Debug|Any CPU.Build.0 = Debug|Any CPU
		{5D8561E8-B160-4143-B21B-0E0A633FF795}.Debug|ARM.ActiveCfg = Debug|Any CPU
		{5D8561E8-B160-4143-B21B-0E0A633FF795}.Debug|ARM.Build.0 = Debug|Any CPU
		{5D8561E8-B160-4143-B21B-0E0A633FF795}.Debug|ARM64.ActiveCfg = Debug|Any CPU
		{5D8561E8-B160-4143-B21B-0E0A633FF795}.Debug|ARM64.Build.0 = Debug|Any CPU
		{5D8561E8-B160-4143-B21B-0E0A633FF795}.Debug|iPhone.ActiveCfg = Debug|Any CPU
		{5D8561E8-B160-4143-B21B-0E0A633FF795}.Debug|iPhone.Build.0 = Debug|Any CPU
		{5D8561E8-B160-4143-B21B-0E0A633FF795}.Debug|iPhoneSimulator.ActiveCfg = Debug|Any CPU
		{5D8561E8-B160-4143-B21B-0E0A633FF795}.Debug|iPhoneSimulator.Build.0 = Debug|Any CPU
		{5D8561E8-B160-4143-B21B-0E0A633FF795}.Debug|x64.ActiveCfg = Debug|Any CPU
		{5D8561E8-B160-4143-B21B-0E0A633FF795}.Debug|x64.Build.0 = Debug|Any CPU
		{5D8561E8-B160-4143-B21B-0E0A633FF795}.Debug|x86.ActiveCfg = Debug|Any CPU
		{5D8561E8-B160-4143-B21B-0E0A633FF795}.Debug|x86.Build.0 = Debug|Any CPU
		{5D8561E8-B160-4143-B21B-0E0A633FF795}.Release|Any CPU.ActiveCfg = Release|Any CPU
		{5D8561E8-B160-4143-B21B-0E0A633FF795}.Release|Any CPU.Build.0 = Release|Any CPU
		{5D8561E8-B160-4143-B21B-0E0A633FF795}.Release|ARM.ActiveCfg = Release|Any CPU
		{5D8561E8-B160-4143-B21B-0E0A633FF795}.Release|ARM.Build.0 = Release|Any CPU
		{5D8561E8-B160-4143-B21B-0E0A633FF795}.Release|ARM64.ActiveCfg = Release|Any CPU
		{5D8561E8-B160-4143-B21B-0E0A633FF795}.Release|ARM64.Build.0 = Release|Any CPU
		{5D8561E8-B160-4143-B21B-0E0A633FF795}.Release|iPhone.ActiveCfg = Release|Any CPU
		{5D8561E8-B160-4143-B21B-0E0A633FF795}.Release|iPhone.Build.0 = Release|Any CPU
		{5D8561E8-B160-4143-B21B-0E0A633FF795}.Release|iPhoneSimulator.ActiveCfg = Release|Any CPU
		{5D8561E8-B160-4143-B21B-0E0A633FF795}.Release|iPhoneSimulator.Build.0 = Release|Any CPU
		{5D8561E8-B160-4143-B21B-0E0A633FF795}.Release|x64.ActiveCfg = Release|Any CPU
		{5D8561E8-B160-4143-B21B-0E0A633FF795}.Release|x64.Build.0 = Release|Any CPU
		{5D8561E8-B160-4143-B21B-0E0A633FF795}.Release|x86.ActiveCfg = Release|Any CPU
		{5D8561E8-B160-4143-B21B-0E0A633FF795}.Release|x86.Build.0 = Release|Any CPU
	EndGlobalSection
	GlobalSection(SolutionProperties) = preSolution
		HideSolutionNode = FALSE
	EndGlobalSection
	GlobalSection(NestedProjects) = preSolution
		{85DA84EE-F07D-4271-8E26-6CFDBAC12CCE} = {D7EBD52B-93D1-4956-9B24-6E70DFD6811D}
		{9E306F32-C2C4-4F9F-9E7B-8D6113324FA7} = {D7EBD52B-93D1-4956-9B24-6E70DFD6811D}
		{8FFBF1D5-B3D5-47B5-B2D6-A84FE8F23298} = {D7EBD52B-93D1-4956-9B24-6E70DFD6811D}
		{ACF50936-20D1-4034-98CB-2E6B3E13A95D} = {D7EBD52B-93D1-4956-9B24-6E70DFD6811D}
		{94D3F98C-4D24-4703-AC69-21F6261C7E45} = {8FFBF1D5-B3D5-47B5-B2D6-A84FE8F23298}
		{83A5AD25-AB51-449E-B4CE-AB3FE24C1FEB} = {8FFBF1D5-B3D5-47B5-B2D6-A84FE8F23298}
		{DCE0ED48-4AB4-44F5-B1A6-BEEAFBED9A10} = {8FFBF1D5-B3D5-47B5-B2D6-A84FE8F23298}
		{CBBBE705-795E-4C37-8CB6-28E0E030BA8D} = {8FFBF1D5-B3D5-47B5-B2D6-A84FE8F23298}
		{9E6958E0-A57D-4D42-AE87-DE414FA5EE84} = {8FFBF1D5-B3D5-47B5-B2D6-A84FE8F23298}
		{5D8561E8-B160-4143-B21B-0E0A633FF795} = {8FFBF1D5-B3D5-47B5-B2D6-A84FE8F23298}
		{7C1F577D-BA81-4769-B9AD-87A8781D3A5D} = {ACF50936-20D1-4034-98CB-2E6B3E13A95D}
		{60FF8731-A0DC-4E65-B479-FD15AA7F622A} = {91039F58-E361-4B5E-BC66-DA81A49D0625}
		{553A04A8-B706-42B2-8830-06CD6115930A} = {91039F58-E361-4B5E-BC66-DA81A49D0625}
	EndGlobalSection
	GlobalSection(ExtensibilityGlobals) = postSolution
		SolutionGuid = {3C286694-BC2F-469B-ADDB-A6DAB5CA023E}
	EndGlobalSection
EndGlobal
