Microsoft Visual Studio Solution File, Format Version 12.00
# Visual Studio Version 17
VisualStudioVersion = 17.2.32210.308
MinimumVisualStudioVersion = 15.0.26124.0

Project("{2150E333-8FDC-42A3-9474-1A3956D46DE8}") = "Source", "Source", "{B55C9D32-1B33-428C-8A2C-C79D9D386BF5}"
EndProject
Project("{2150E333-8FDC-42A3-9474-1A3956D46DE8}") = "Platforms", "Platforms", "{66FAB262-7B15-401D-B718-576F15320BF4}"
EndProject
Project("{2150E333-8FDC-42A3-9474-1A3956D46DE8}") = "Backend", "Backend", "{4265D960-4397-4E11-A518-DED111359FDE}"
EndProject
Project("{2150E333-8FDC-42A3-9474-1A3956D46DE8}") = "Tests", "Tests", "{C87C31C1-2533-4ADE-895F-7AE6104F92DC}"
EndProject

Project("{9A19103F-16F7-4668-BE54-9A1E7A4F7556}") = "Demo", "Demo\Demo.csproj", "{2DACB809-F0DD-4B4E-9958-1CA21FAA2E46}"
EndProject
Project("{9A19103F-16F7-4668-BE54-9A1E7A4F7556}") = "Demo.Mobile", "Demo.Mobile\Demo.Mobile.csproj", "{324A1AA4-D4DF-4333-A7DD-1DE7A69F9C00}"
EndProject
Project("{9A19103F-16F7-4668-BE54-9A1E7A4F7556}") = "Demo.Wasm", "Demo.Wasm\Demo.Wasm.csproj", "{A3BCD181-9F1C-49A6-9119-5D3769C6F058}"
EndProject
Project("{9A19103F-16F7-4668-BE54-9A1E7A4F7556}") = "Demo.Skia.Gtk", "Demo.Skia.Gtk\Demo.Skia.Gtk.csproj", "{C024762E-8658-4F22-B5E5-54586983A0AD}"
EndProject
Project("{9A19103F-16F7-4668-BE54-9A1E7A4F7556}") = "Demo.Skia.WPF", "Demo.Skia.WPF\Demo.Skia.WPF.csproj", "{565C8B5F-41AB-4127-84A6-C04AE2861BDC}"
EndProject
Project("{9A19103F-16F7-4668-BE54-9A1E7A4F7556}") = "Demo.Windows", "Demo.Windows\Demo.Windows.csproj", "{2A3E09FA-CD12-4410-BECD-DE022490D368}"
EndProject
Project("{9A19103F-16F7-4668-BE54-9A1E7A4F7556}") = "Demo.Skia.Linux.FrameBuffer", "Demo.Skia.Linux.FrameBuffer\Demo.Skia.Linux.FrameBuffer.csproj", "{520820E0-22E9-4125-A8E7-18C361ABB519}"
EndProject
Project("{9A19103F-16F7-4668-BE54-9A1E7A4F7556}") = "Demo.Server", "Demo.Server\Demo.Server.csproj", "{33B1263E-5ED5-4B09-82CF-3BDC0E674662}"
EndProject
Project("{9A19103F-16F7-4668-BE54-9A1E7A4F7556}") = "Demo.DataContracts", "Demo.DataContracts\Demo.DataContracts.csproj", "{84C98F48-D58A-4A4C-B367-0F93FF7F1EFB}"
EndProject
Project("{9A19103F-16F7-4668-BE54-9A1E7A4F7556}") = "Demo.Tests", "Demo.Tests\Demo.Tests.csproj", "{44D8F7C2-572A-4C39-894B-B4FBA5C9110D}"
EndProject
Project("{9A19103F-16F7-4668-BE54-9A1E7A4F7556}") = "Demo.UITests", "Demo.UITests\Demo.UITests.csproj", "{ABE6C443-F5F3-4D43-B07D-B07F8C0C7886}"
EndProject

Project("{2150E333-8FDC-42A3-9474-1A3956D46DE8}") = "Solution Items", "Solution Items", "{BADA71DC-7FFD-4EDC-9F28-FB74AEADC713}"
	ProjectSection(SolutionItems) = preProject
		Directory.Build.props = Directory.Build.props
		Directory.Build.targets = Directory.Build.targets
		global.json = global.json
	EndProjectSection
EndProject
Global
	GlobalSection(SolutionConfigurationPlatforms) = preSolution
		Debug|Any CPU = Debug|Any CPU
		Debug|ARM = Debug|ARM
		Debug|ARM64 = Debug|ARM64
		Debug|iPhone = Debug|iPhone
		Debug|iPhoneSimulator = Debug|iPhoneSimulator
		Debug|x64 = Debug|x64
		Debug|x86 = Debug|x86
		Release|Any CPU = Release|Any CPU
		Release|ARM = Release|ARM
		Release|ARM64 = Release|ARM64
		Release|iPhone = Release|iPhone
		Release|iPhoneSimulator = Release|iPhoneSimulator
		Release|x64 = Release|x64
		Release|x86 = Release|x86
	EndGlobalSection
	GlobalSection(ProjectConfigurationPlatforms) = postSolution
		{324A1AA4-D4DF-4333-A7DD-1DE7A69F9C00}.Debug|Any CPU.ActiveCfg = Debug|Any CPU
		{324A1AA4-D4DF-4333-A7DD-1DE7A69F9C00}.Debug|Any CPU.Build.0 = Debug|Any CPU
		{324A1AA4-D4DF-4333-A7DD-1DE7A69F9C00}.Debug|Any CPU.Deploy.0 = Debug|Any CPU
		{324A1AA4-D4DF-4333-A7DD-1DE7A69F9C00}.Debug|ARM.ActiveCfg = Debug|Any CPU
		{324A1AA4-D4DF-4333-A7DD-1DE7A69F9C00}.Debug|ARM.Build.0 = Debug|Any CPU
		{324A1AA4-D4DF-4333-A7DD-1DE7A69F9C00}.Debug|ARM.Deploy.0 = Debug|Any CPU
		{324A1AA4-D4DF-4333-A7DD-1DE7A69F9C00}.Debug|ARM64.ActiveCfg = Debug|Any CPU
		{324A1AA4-D4DF-4333-A7DD-1DE7A69F9C00}.Debug|ARM64.Build.0 = Debug|Any CPU
		{324A1AA4-D4DF-4333-A7DD-1DE7A69F9C00}.Debug|ARM64.Deploy.0 = Debug|Any CPU
		{324A1AA4-D4DF-4333-A7DD-1DE7A69F9C00}.Debug|iPhone.ActiveCfg = Debug|Any CPU
		{324A1AA4-D4DF-4333-A7DD-1DE7A69F9C00}.Debug|iPhone.Build.0 = Debug|Any CPU
		{324A1AA4-D4DF-4333-A7DD-1DE7A69F9C00}.Debug|iPhone.Deploy.0 = Debug|Any CPU
		{324A1AA4-D4DF-4333-A7DD-1DE7A69F9C00}.Debug|iPhoneSimulator.ActiveCfg = Debug|Any CPU
		{324A1AA4-D4DF-4333-A7DD-1DE7A69F9C00}.Debug|iPhoneSimulator.Build.0 = Debug|Any CPU
		{324A1AA4-D4DF-4333-A7DD-1DE7A69F9C00}.Debug|iPhoneSimulator.Deploy.0 = Debug|Any CPU
		{324A1AA4-D4DF-4333-A7DD-1DE7A69F9C00}.Debug|x64.ActiveCfg = Debug|Any CPU
		{324A1AA4-D4DF-4333-A7DD-1DE7A69F9C00}.Debug|x64.Build.0 = Debug|Any CPU
		{324A1AA4-D4DF-4333-A7DD-1DE7A69F9C00}.Debug|x64.Deploy.0 = Debug|Any CPU
		{324A1AA4-D4DF-4333-A7DD-1DE7A69F9C00}.Debug|x86.ActiveCfg = Debug|Any CPU
		{324A1AA4-D4DF-4333-A7DD-1DE7A69F9C00}.Debug|x86.Build.0 = Debug|Any CPU
		{324A1AA4-D4DF-4333-A7DD-1DE7A69F9C00}.Debug|x86.Deploy.0 = Debug|Any CPU
		{324A1AA4-D4DF-4333-A7DD-1DE7A69F9C00}.Release|Any CPU.ActiveCfg = Release|Any CPU
		{324A1AA4-D4DF-4333-A7DD-1DE7A69F9C00}.Release|Any CPU.Build.0 = Release|Any CPU
		{324A1AA4-D4DF-4333-A7DD-1DE7A69F9C00}.Release|Any CPU.Deploy.0 = Release|Any CPU
		{324A1AA4-D4DF-4333-A7DD-1DE7A69F9C00}.Release|ARM.ActiveCfg = Release|Any CPU
		{324A1AA4-D4DF-4333-A7DD-1DE7A69F9C00}.Release|ARM.Build.0 = Release|Any CPU
		{324A1AA4-D4DF-4333-A7DD-1DE7A69F9C00}.Release|ARM.Deploy.0 = Release|Any CPU
		{324A1AA4-D4DF-4333-A7DD-1DE7A69F9C00}.Release|ARM64.ActiveCfg = Release|Any CPU
		{324A1AA4-D4DF-4333-A7DD-1DE7A69F9C00}.Release|ARM64.Build.0 = Release|Any CPU
		{324A1AA4-D4DF-4333-A7DD-1DE7A69F9C00}.Release|ARM64.Deploy.0 = Release|Any CPU
		{324A1AA4-D4DF-4333-A7DD-1DE7A69F9C00}.Release|iPhone.ActiveCfg = Release|Any CPU
		{324A1AA4-D4DF-4333-A7DD-1DE7A69F9C00}.Release|iPhone.Build.0 = Release|Any CPU
		{324A1AA4-D4DF-4333-A7DD-1DE7A69F9C00}.Release|iPhone.Deploy.0 = Release|Any CPU
		{324A1AA4-D4DF-4333-A7DD-1DE7A69F9C00}.Release|iPhoneSimulator.ActiveCfg = Release|Any CPU
		{324A1AA4-D4DF-4333-A7DD-1DE7A69F9C00}.Release|iPhoneSimulator.Build.0 = Release|Any CPU
		{324A1AA4-D4DF-4333-A7DD-1DE7A69F9C00}.Release|iPhoneSimulator.Deploy.0 = Release|Any CPU
		{324A1AA4-D4DF-4333-A7DD-1DE7A69F9C00}.Release|x64.ActiveCfg = Release|Any CPU
		{324A1AA4-D4DF-4333-A7DD-1DE7A69F9C00}.Release|x64.Build.0 = Release|Any CPU
		{324A1AA4-D4DF-4333-A7DD-1DE7A69F9C00}.Release|x64.Deploy.0 = Release|Any CPU
		{324A1AA4-D4DF-4333-A7DD-1DE7A69F9C00}.Release|x86.ActiveCfg = Release|Any CPU
		{324A1AA4-D4DF-4333-A7DD-1DE7A69F9C00}.Release|x86.Build.0 = Release|Any CPU
		{324A1AA4-D4DF-4333-A7DD-1DE7A69F9C00}.Release|x86.Deploy.0 = Release|Any CPU
		{A3BCD181-9F1C-49A6-9119-5D3769C6F058}.Debug|Any CPU.ActiveCfg = Debug|Any CPU
		{A3BCD181-9F1C-49A6-9119-5D3769C6F058}.Debug|Any CPU.Build.0 = Debug|Any CPU
		{A3BCD181-9F1C-49A6-9119-5D3769C6F058}.Debug|ARM.ActiveCfg = Debug|Any CPU
		{A3BCD181-9F1C-49A6-9119-5D3769C6F058}.Debug|ARM.Build.0 = Debug|Any CPU
		{A3BCD181-9F1C-49A6-9119-5D3769C6F058}.Debug|ARM64.ActiveCfg = Debug|Any CPU
		{A3BCD181-9F1C-49A6-9119-5D3769C6F058}.Debug|ARM64.Build.0 = Debug|Any CPU
		{A3BCD181-9F1C-49A6-9119-5D3769C6F058}.Debug|iPhone.ActiveCfg = Debug|Any CPU
		{A3BCD181-9F1C-49A6-9119-5D3769C6F058}.Debug|iPhone.Build.0 = Debug|Any CPU
		{A3BCD181-9F1C-49A6-9119-5D3769C6F058}.Debug|iPhoneSimulator.ActiveCfg = Debug|Any CPU
		{A3BCD181-9F1C-49A6-9119-5D3769C6F058}.Debug|iPhoneSimulator.Build.0 = Debug|Any CPU
		{A3BCD181-9F1C-49A6-9119-5D3769C6F058}.Debug|x64.ActiveCfg = Debug|Any CPU
		{A3BCD181-9F1C-49A6-9119-5D3769C6F058}.Debug|x64.Build.0 = Debug|Any CPU
		{A3BCD181-9F1C-49A6-9119-5D3769C6F058}.Debug|x86.ActiveCfg = Debug|Any CPU
		{A3BCD181-9F1C-49A6-9119-5D3769C6F058}.Debug|x86.Build.0 = Debug|Any CPU
		{A3BCD181-9F1C-49A6-9119-5D3769C6F058}.Release|Any CPU.ActiveCfg = Release|Any CPU
		{A3BCD181-9F1C-49A6-9119-5D3769C6F058}.Release|Any CPU.Build.0 = Release|Any CPU
		{A3BCD181-9F1C-49A6-9119-5D3769C6F058}.Release|ARM.ActiveCfg = Release|Any CPU
		{A3BCD181-9F1C-49A6-9119-5D3769C6F058}.Release|ARM.Build.0 = Release|Any CPU
		{A3BCD181-9F1C-49A6-9119-5D3769C6F058}.Release|ARM64.ActiveCfg = Release|Any CPU
		{A3BCD181-9F1C-49A6-9119-5D3769C6F058}.Release|ARM64.Build.0 = Release|Any CPU
		{A3BCD181-9F1C-49A6-9119-5D3769C6F058}.Release|iPhone.ActiveCfg = Release|Any CPU
		{A3BCD181-9F1C-49A6-9119-5D3769C6F058}.Release|iPhone.Build.0 = Release|Any CPU
		{A3BCD181-9F1C-49A6-9119-5D3769C6F058}.Release|iPhoneSimulator.ActiveCfg = Release|Any CPU
		{A3BCD181-9F1C-49A6-9119-5D3769C6F058}.Release|iPhoneSimulator.Build.0 = Release|Any CPU
		{A3BCD181-9F1C-49A6-9119-5D3769C6F058}.Release|x64.ActiveCfg = Release|Any CPU
		{A3BCD181-9F1C-49A6-9119-5D3769C6F058}.Release|x64.Build.0 = Release|Any CPU
		{A3BCD181-9F1C-49A6-9119-5D3769C6F058}.Release|x86.ActiveCfg = Release|Any CPU
		{A3BCD181-9F1C-49A6-9119-5D3769C6F058}.Release|x86.Build.0 = Release|Any CPU
		{C024762E-8658-4F22-B5E5-54586983A0AD}.Debug|Any CPU.ActiveCfg = Debug|Any CPU
		{C024762E-8658-4F22-B5E5-54586983A0AD}.Debug|Any CPU.Build.0 = Debug|Any CPU
		{C024762E-8658-4F22-B5E5-54586983A0AD}.Debug|ARM.ActiveCfg = Debug|Any CPU
		{C024762E-8658-4F22-B5E5-54586983A0AD}.Debug|ARM.Build.0 = Debug|Any CPU
		{C024762E-8658-4F22-B5E5-54586983A0AD}.Debug|ARM64.ActiveCfg = Debug|Any CPU
		{C024762E-8658-4F22-B5E5-54586983A0AD}.Debug|ARM64.Build.0 = Debug|Any CPU
		{C024762E-8658-4F22-B5E5-54586983A0AD}.Debug|iPhone.ActiveCfg = Debug|Any CPU
		{C024762E-8658-4F22-B5E5-54586983A0AD}.Debug|iPhone.Build.0 = Debug|Any CPU
		{C024762E-8658-4F22-B5E5-54586983A0AD}.Debug|iPhoneSimulator.ActiveCfg = Debug|Any CPU
		{C024762E-8658-4F22-B5E5-54586983A0AD}.Debug|iPhoneSimulator.Build.0 = Debug|Any CPU
		{C024762E-8658-4F22-B5E5-54586983A0AD}.Debug|x64.ActiveCfg = Debug|Any CPU
		{C024762E-8658-4F22-B5E5-54586983A0AD}.Debug|x64.Build.0 = Debug|Any CPU
		{C024762E-8658-4F22-B5E5-54586983A0AD}.Debug|x86.ActiveCfg = Debug|Any CPU
		{C024762E-8658-4F22-B5E5-54586983A0AD}.Debug|x86.Build.0 = Debug|Any CPU
		{C024762E-8658-4F22-B5E5-54586983A0AD}.Release|Any CPU.ActiveCfg = Release|Any CPU
		{C024762E-8658-4F22-B5E5-54586983A0AD}.Release|Any CPU.Build.0 = Release|Any CPU
		{C024762E-8658-4F22-B5E5-54586983A0AD}.Release|ARM.ActiveCfg = Release|Any CPU
		{C024762E-8658-4F22-B5E5-54586983A0AD}.Release|ARM.Build.0 = Release|Any CPU
		{C024762E-8658-4F22-B5E5-54586983A0AD}.Release|ARM64.ActiveCfg = Release|Any CPU
		{C024762E-8658-4F22-B5E5-54586983A0AD}.Release|ARM64.Build.0 = Release|Any CPU
		{C024762E-8658-4F22-B5E5-54586983A0AD}.Release|iPhone.ActiveCfg = Release|Any CPU
		{C024762E-8658-4F22-B5E5-54586983A0AD}.Release|iPhone.Build.0 = Release|Any CPU
		{C024762E-8658-4F22-B5E5-54586983A0AD}.Release|iPhoneSimulator.ActiveCfg = Release|Any CPU
		{C024762E-8658-4F22-B5E5-54586983A0AD}.Release|iPhoneSimulator.Build.0 = Release|Any CPU
		{C024762E-8658-4F22-B5E5-54586983A0AD}.Release|x64.ActiveCfg = Release|Any CPU
		{C024762E-8658-4F22-B5E5-54586983A0AD}.Release|x64.Build.0 = Release|Any CPU
		{C024762E-8658-4F22-B5E5-54586983A0AD}.Release|x86.ActiveCfg = Release|Any CPU
		{C024762E-8658-4F22-B5E5-54586983A0AD}.Release|x86.Build.0 = Release|Any CPU
		{565C8B5F-41AB-4127-84A6-C04AE2861BDC}.Debug|Any CPU.ActiveCfg = Debug|Any CPU
		{565C8B5F-41AB-4127-84A6-C04AE2861BDC}.Debug|Any CPU.Build.0 = Debug|Any CPU
		{565C8B5F-41AB-4127-84A6-C04AE2861BDC}.Debug|Any CPU.Deploy.0 = Debug|Any CPU
		{565C8B5F-41AB-4127-84A6-C04AE2861BDC}.Debug|ARM.ActiveCfg = Debug|Any CPU
		{565C8B5F-41AB-4127-84A6-C04AE2861BDC}.Debug|ARM.Build.0 = Debug|Any CPU
		{565C8B5F-41AB-4127-84A6-C04AE2861BDC}.Debug|ARM.Deploy.0 = Debug|Any CPU
		{565C8B5F-41AB-4127-84A6-C04AE2861BDC}.Debug|ARM64.ActiveCfg = Debug|Any CPU
		{565C8B5F-41AB-4127-84A6-C04AE2861BDC}.Debug|ARM64.Build.0 = Debug|Any CPU
		{565C8B5F-41AB-4127-84A6-C04AE2861BDC}.Debug|ARM64.Deploy.0 = Debug|Any CPU
		{565C8B5F-41AB-4127-84A6-C04AE2861BDC}.Debug|iPhone.ActiveCfg = Debug|Any CPU
		{565C8B5F-41AB-4127-84A6-C04AE2861BDC}.Debug|iPhone.Build.0 = Debug|Any CPU
		{565C8B5F-41AB-4127-84A6-C04AE2861BDC}.Debug|iPhone.Deploy.0 = Debug|Any CPU
		{565C8B5F-41AB-4127-84A6-C04AE2861BDC}.Debug|iPhoneSimulator.ActiveCfg = Debug|Any CPU
		{565C8B5F-41AB-4127-84A6-C04AE2861BDC}.Debug|iPhoneSimulator.Build.0 = Debug|Any CPU
		{565C8B5F-41AB-4127-84A6-C04AE2861BDC}.Debug|iPhoneSimulator.Deploy.0 = Debug|Any CPU
		{565C8B5F-41AB-4127-84A6-C04AE2861BDC}.Debug|x64.ActiveCfg = Debug|Any CPU
		{565C8B5F-41AB-4127-84A6-C04AE2861BDC}.Debug|x64.Build.0 = Debug|Any CPU
		{565C8B5F-41AB-4127-84A6-C04AE2861BDC}.Debug|x64.Deploy.0 = Debug|Any CPU
		{565C8B5F-41AB-4127-84A6-C04AE2861BDC}.Debug|x86.ActiveCfg = Debug|Any CPU
		{565C8B5F-41AB-4127-84A6-C04AE2861BDC}.Debug|x86.Build.0 = Debug|Any CPU
		{565C8B5F-41AB-4127-84A6-C04AE2861BDC}.Debug|x86.Deploy.0 = Debug|Any CPU
		{565C8B5F-41AB-4127-84A6-C04AE2861BDC}.Release|Any CPU.ActiveCfg = Release|Any CPU
		{565C8B5F-41AB-4127-84A6-C04AE2861BDC}.Release|ARM.ActiveCfg = Release|Any CPU
		{565C8B5F-41AB-4127-84A6-C04AE2861BDC}.Release|ARM.Build.0 = Release|Any CPU
		{565C8B5F-41AB-4127-84A6-C04AE2861BDC}.Release|ARM.Deploy.0 = Release|Any CPU
		{565C8B5F-41AB-4127-84A6-C04AE2861BDC}.Release|ARM64.ActiveCfg = Release|Any CPU
		{565C8B5F-41AB-4127-84A6-C04AE2861BDC}.Release|ARM64.Build.0 = Release|Any CPU
		{565C8B5F-41AB-4127-84A6-C04AE2861BDC}.Release|ARM64.Deploy.0 = Release|Any CPU
		{565C8B5F-41AB-4127-84A6-C04AE2861BDC}.Release|iPhone.ActiveCfg = Release|Any CPU
		{565C8B5F-41AB-4127-84A6-C04AE2861BDC}.Release|iPhone.Build.0 = Release|Any CPU
		{565C8B5F-41AB-4127-84A6-C04AE2861BDC}.Release|iPhoneSimulator.ActiveCfg = Release|Any CPU
		{565C8B5F-41AB-4127-84A6-C04AE2861BDC}.Release|iPhoneSimulator.Build.0 = Release|Any CPU
		{565C8B5F-41AB-4127-84A6-C04AE2861BDC}.Release|iPhoneSimulator.Deploy.0 = Release|Any CPU
		{565C8B5F-41AB-4127-84A6-C04AE2861BDC}.Release|x64.ActiveCfg = Release|Any CPU
		{565C8B5F-41AB-4127-84A6-C04AE2861BDC}.Release|x64.Build.0 = Release|Any CPU
		{565C8B5F-41AB-4127-84A6-C04AE2861BDC}.Release|x64.Deploy.0 = Release|Any CPU
		{565C8B5F-41AB-4127-84A6-C04AE2861BDC}.Release|x86.ActiveCfg = Release|Any CPU
		{565C8B5F-41AB-4127-84A6-C04AE2861BDC}.Release|x86.Build.0 = Release|Any CPU
		{565C8B5F-41AB-4127-84A6-C04AE2861BDC}.Release|x86.Deploy.0 = Release|Any CPU
		{33B1263E-5ED5-4B09-82CF-3BDC0E674662}.Debug|Any CPU.ActiveCfg = Debug|Any CPU
		{33B1263E-5ED5-4B09-82CF-3BDC0E674662}.Debug|Any CPU.Build.0 = Debug|Any CPU
		{33B1263E-5ED5-4B09-82CF-3BDC0E674662}.Debug|ARM.ActiveCfg = Debug|Any CPU
		{33B1263E-5ED5-4B09-82CF-3BDC0E674662}.Debug|ARM.Build.0 = Debug|Any CPU
		{33B1263E-5ED5-4B09-82CF-3BDC0E674662}.Debug|ARM64.ActiveCfg = Debug|Any CPU
		{33B1263E-5ED5-4B09-82CF-3BDC0E674662}.Debug|ARM64.Build.0 = Debug|Any CPU
		{33B1263E-5ED5-4B09-82CF-3BDC0E674662}.Debug|iPhone.ActiveCfg = Debug|Any CPU
		{33B1263E-5ED5-4B09-82CF-3BDC0E674662}.Debug|iPhone.Build.0 = Debug|Any CPU
		{33B1263E-5ED5-4B09-82CF-3BDC0E674662}.Debug|iPhoneSimulator.ActiveCfg = Debug|Any CPU
		{33B1263E-5ED5-4B09-82CF-3BDC0E674662}.Debug|iPhoneSimulator.Build.0 = Debug|Any CPU
		{33B1263E-5ED5-4B09-82CF-3BDC0E674662}.Debug|x64.ActiveCfg = Debug|Any CPU
		{33B1263E-5ED5-4B09-82CF-3BDC0E674662}.Debug|x64.Build.0 = Debug|Any CPU
		{33B1263E-5ED5-4B09-82CF-3BDC0E674662}.Debug|x86.ActiveCfg = Debug|Any CPU
		{33B1263E-5ED5-4B09-82CF-3BDC0E674662}.Debug|x86.Build.0 = Debug|Any CPU
		{33B1263E-5ED5-4B09-82CF-3BDC0E674662}.Release|Any CPU.ActiveCfg = Release|Any CPU
		{33B1263E-5ED5-4B09-82CF-3BDC0E674662}.Release|Any CPU.Build.0 = Release|Any CPU
		{33B1263E-5ED5-4B09-82CF-3BDC0E674662}.Release|ARM.ActiveCfg = Release|Any CPU
		{33B1263E-5ED5-4B09-82CF-3BDC0E674662}.Release|ARM.Build.0 = Release|Any CPU
		{33B1263E-5ED5-4B09-82CF-3BDC0E674662}.Release|ARM64.ActiveCfg = Release|Any CPU
		{33B1263E-5ED5-4B09-82CF-3BDC0E674662}.Release|ARM64.Build.0 = Release|Any CPU
		{33B1263E-5ED5-4B09-82CF-3BDC0E674662}.Release|iPhone.ActiveCfg = Release|Any CPU
		{33B1263E-5ED5-4B09-82CF-3BDC0E674662}.Release|iPhone.Build.0 = Release|Any CPU
		{33B1263E-5ED5-4B09-82CF-3BDC0E674662}.Release|iPhoneSimulator.ActiveCfg = Release|Any CPU
		{33B1263E-5ED5-4B09-82CF-3BDC0E674662}.Release|iPhoneSimulator.Build.0 = Release|Any CPU
		{33B1263E-5ED5-4B09-82CF-3BDC0E674662}.Release|x64.ActiveCfg = Release|Any CPU
		{33B1263E-5ED5-4B09-82CF-3BDC0E674662}.Release|x64.Build.0 = Release|Any CPU
		{33B1263E-5ED5-4B09-82CF-3BDC0E674662}.Release|x86.ActiveCfg = Release|Any CPU
		{33B1263E-5ED5-4B09-82CF-3BDC0E674662}.Release|x86.Build.0 = Release|Any CPU
		{84C98F48-D58A-4A4C-B367-0F93FF7F1EFB}.Debug|Any CPU.ActiveCfg = Debug|Any CPU
		{84C98F48-D58A-4A4C-B367-0F93FF7F1EFB}.Debug|Any CPU.Build.0 = Debug|Any CPU
		{84C98F48-D58A-4A4C-B367-0F93FF7F1EFB}.Debug|ARM.ActiveCfg = Debug|Any CPU
		{84C98F48-D58A-4A4C-B367-0F93FF7F1EFB}.Debug|ARM.Build.0 = Debug|Any CPU
		{84C98F48-D58A-4A4C-B367-0F93FF7F1EFB}.Debug|ARM64.ActiveCfg = Debug|Any CPU
		{84C98F48-D58A-4A4C-B367-0F93FF7F1EFB}.Debug|ARM64.Build.0 = Debug|Any CPU
		{84C98F48-D58A-4A4C-B367-0F93FF7F1EFB}.Debug|iPhone.ActiveCfg = Debug|Any CPU
		{84C98F48-D58A-4A4C-B367-0F93FF7F1EFB}.Debug|iPhone.Build.0 = Debug|Any CPU
		{84C98F48-D58A-4A4C-B367-0F93FF7F1EFB}.Debug|iPhoneSimulator.ActiveCfg = Debug|Any CPU
		{84C98F48-D58A-4A4C-B367-0F93FF7F1EFB}.Debug|iPhoneSimulator.Build.0 = Debug|Any CPU
		{84C98F48-D58A-4A4C-B367-0F93FF7F1EFB}.Debug|x64.ActiveCfg = Debug|Any CPU
		{84C98F48-D58A-4A4C-B367-0F93FF7F1EFB}.Debug|x64.Build.0 = Debug|Any CPU
		{84C98F48-D58A-4A4C-B367-0F93FF7F1EFB}.Debug|x86.ActiveCfg = Debug|Any CPU
		{84C98F48-D58A-4A4C-B367-0F93FF7F1EFB}.Debug|x86.Build.0 = Debug|Any CPU
		{84C98F48-D58A-4A4C-B367-0F93FF7F1EFB}.Release|Any CPU.ActiveCfg = Release|Any CPU
		{84C98F48-D58A-4A4C-B367-0F93FF7F1EFB}.Release|Any CPU.Build.0 = Release|Any CPU
		{84C98F48-D58A-4A4C-B367-0F93FF7F1EFB}.Release|ARM.ActiveCfg = Release|Any CPU
		{84C98F48-D58A-4A4C-B367-0F93FF7F1EFB}.Release|ARM.Build.0 = Release|Any CPU
		{84C98F48-D58A-4A4C-B367-0F93FF7F1EFB}.Release|ARM64.ActiveCfg = Release|Any CPU
		{84C98F48-D58A-4A4C-B367-0F93FF7F1EFB}.Release|ARM64.Build.0 = Release|Any CPU
		{84C98F48-D58A-4A4C-B367-0F93FF7F1EFB}.Release|iPhone.ActiveCfg = Release|Any CPU
		{84C98F48-D58A-4A4C-B367-0F93FF7F1EFB}.Release|iPhone.Build.0 = Release|Any CPU
		{84C98F48-D58A-4A4C-B367-0F93FF7F1EFB}.Release|iPhoneSimulator.ActiveCfg = Release|Any CPU
		{84C98F48-D58A-4A4C-B367-0F93FF7F1EFB}.Release|iPhoneSimulator.Build.0 = Release|Any CPU
		{84C98F48-D58A-4A4C-B367-0F93FF7F1EFB}.Release|x64.ActiveCfg = Release|Any CPU
		{84C98F48-D58A-4A4C-B367-0F93FF7F1EFB}.Release|x64.Build.0 = Release|Any CPU
		{84C98F48-D58A-4A4C-B367-0F93FF7F1EFB}.Release|x86.ActiveCfg = Release|Any CPU
		{84C98F48-D58A-4A4C-B367-0F93FF7F1EFB}.Release|x86.Build.0 = Release|Any CPU
		{2DACB809-F0DD-4B4E-9958-1CA21FAA2E46}.Debug|Any CPU.ActiveCfg = Debug|Any CPU
		{2DACB809-F0DD-4B4E-9958-1CA21FAA2E46}.Debug|Any CPU.Build.0 = Debug|Any CPU
		{2DACB809-F0DD-4B4E-9958-1CA21FAA2E46}.Debug|ARM.ActiveCfg = Debug|Any CPU
		{2DACB809-F0DD-4B4E-9958-1CA21FAA2E46}.Debug|ARM.Build.0 = Debug|Any CPU
		{2DACB809-F0DD-4B4E-9958-1CA21FAA2E46}.Debug|ARM64.ActiveCfg = Debug|Any CPU
		{2DACB809-F0DD-4B4E-9958-1CA21FAA2E46}.Debug|ARM64.Build.0 = Debug|Any CPU
		{2DACB809-F0DD-4B4E-9958-1CA21FAA2E46}.Debug|iPhone.ActiveCfg = Debug|Any CPU
		{2DACB809-F0DD-4B4E-9958-1CA21FAA2E46}.Debug|iPhone.Build.0 = Debug|Any CPU
		{2DACB809-F0DD-4B4E-9958-1CA21FAA2E46}.Debug|iPhoneSimulator.ActiveCfg = Debug|Any CPU
		{2DACB809-F0DD-4B4E-9958-1CA21FAA2E46}.Debug|iPhoneSimulator.Build.0 = Debug|Any CPU
		{2DACB809-F0DD-4B4E-9958-1CA21FAA2E46}.Debug|x64.ActiveCfg = Debug|Any CPU
		{2DACB809-F0DD-4B4E-9958-1CA21FAA2E46}.Debug|x64.Build.0 = Debug|Any CPU
		{2DACB809-F0DD-4B4E-9958-1CA21FAA2E46}.Debug|x86.ActiveCfg = Debug|Any CPU
		{2DACB809-F0DD-4B4E-9958-1CA21FAA2E46}.Debug|x86.Build.0 = Debug|Any CPU
		{2DACB809-F0DD-4B4E-9958-1CA21FAA2E46}.Release|Any CPU.ActiveCfg = Release|Any CPU
		{2DACB809-F0DD-4B4E-9958-1CA21FAA2E46}.Release|Any CPU.Build.0 = Release|Any CPU
		{2DACB809-F0DD-4B4E-9958-1CA21FAA2E46}.Release|ARM.ActiveCfg = Release|Any CPU
		{2DACB809-F0DD-4B4E-9958-1CA21FAA2E46}.Release|ARM.Build.0 = Release|Any CPU
		{2DACB809-F0DD-4B4E-9958-1CA21FAA2E46}.Release|ARM64.ActiveCfg = Release|Any CPU
		{2DACB809-F0DD-4B4E-9958-1CA21FAA2E46}.Release|ARM64.Build.0 = Release|Any CPU
		{2DACB809-F0DD-4B4E-9958-1CA21FAA2E46}.Release|iPhone.ActiveCfg = Release|Any CPU
		{2DACB809-F0DD-4B4E-9958-1CA21FAA2E46}.Release|iPhone.Build.0 = Release|Any CPU
		{2DACB809-F0DD-4B4E-9958-1CA21FAA2E46}.Release|iPhoneSimulator.ActiveCfg = Release|Any CPU
		{2DACB809-F0DD-4B4E-9958-1CA21FAA2E46}.Release|iPhoneSimulator.Build.0 = Release|Any CPU
		{2DACB809-F0DD-4B4E-9958-1CA21FAA2E46}.Release|x64.ActiveCfg = Release|Any CPU
		{2DACB809-F0DD-4B4E-9958-1CA21FAA2E46}.Release|x64.Build.0 = Release|Any CPU
		{2DACB809-F0DD-4B4E-9958-1CA21FAA2E46}.Release|x86.ActiveCfg = Release|Any CPU
		{2DACB809-F0DD-4B4E-9958-1CA21FAA2E46}.Release|x86.Build.0 = Release|Any CPU
		{44D8F7C2-572A-4C39-894B-B4FBA5C9110D}.Debug|Any CPU.ActiveCfg = Debug|Any CPU
		{44D8F7C2-572A-4C39-894B-B4FBA5C9110D}.Debug|Any CPU.Build.0 = Debug|Any CPU
		{44D8F7C2-572A-4C39-894B-B4FBA5C9110D}.Debug|ARM.ActiveCfg = Debug|Any CPU
		{44D8F7C2-572A-4C39-894B-B4FBA5C9110D}.Debug|ARM.Build.0 = Debug|Any CPU
		{44D8F7C2-572A-4C39-894B-B4FBA5C9110D}.Debug|ARM64.ActiveCfg = Debug|Any CPU
		{44D8F7C2-572A-4C39-894B-B4FBA5C9110D}.Debug|ARM64.Build.0 = Debug|Any CPU
		{44D8F7C2-572A-4C39-894B-B4FBA5C9110D}.Debug|iPhone.ActiveCfg = Debug|Any CPU
		{44D8F7C2-572A-4C39-894B-B4FBA5C9110D}.Debug|iPhone.Build.0 = Debug|Any CPU
		{44D8F7C2-572A-4C39-894B-B4FBA5C9110D}.Debug|iPhoneSimulator.ActiveCfg = Debug|Any CPU
		{44D8F7C2-572A-4C39-894B-B4FBA5C9110D}.Debug|iPhoneSimulator.Build.0 = Debug|Any CPU
		{44D8F7C2-572A-4C39-894B-B4FBA5C9110D}.Debug|x64.ActiveCfg = Debug|Any CPU
		{44D8F7C2-572A-4C39-894B-B4FBA5C9110D}.Debug|x64.Build.0 = Debug|Any CPU
		{44D8F7C2-572A-4C39-894B-B4FBA5C9110D}.Debug|x86.ActiveCfg = Debug|Any CPU
		{44D8F7C2-572A-4C39-894B-B4FBA5C9110D}.Debug|x86.Build.0 = Debug|Any CPU
		{44D8F7C2-572A-4C39-894B-B4FBA5C9110D}.Release|Any CPU.ActiveCfg = Release|Any CPU
		{44D8F7C2-572A-4C39-894B-B4FBA5C9110D}.Release|Any CPU.Build.0 = Release|Any CPU
		{44D8F7C2-572A-4C39-894B-B4FBA5C9110D}.Release|ARM.ActiveCfg = Release|Any CPU
		{44D8F7C2-572A-4C39-894B-B4FBA5C9110D}.Release|ARM.Build.0 = Release|Any CPU
		{44D8F7C2-572A-4C39-894B-B4FBA5C9110D}.Release|ARM64.ActiveCfg = Release|Any CPU
		{44D8F7C2-572A-4C39-894B-B4FBA5C9110D}.Release|ARM64.Build.0 = Release|Any CPU
		{44D8F7C2-572A-4C39-894B-B4FBA5C9110D}.Release|iPhone.ActiveCfg = Release|Any CPU
		{44D8F7C2-572A-4C39-894B-B4FBA5C9110D}.Release|iPhone.Build.0 = Release|Any CPU
		{44D8F7C2-572A-4C39-894B-B4FBA5C9110D}.Release|iPhoneSimulator.ActiveCfg = Release|Any CPU
		{44D8F7C2-572A-4C39-894B-B4FBA5C9110D}.Release|iPhoneSimulator.Build.0 = Release|Any CPU
		{44D8F7C2-572A-4C39-894B-B4FBA5C9110D}.Release|x64.ActiveCfg = Release|Any CPU
		{44D8F7C2-572A-4C39-894B-B4FBA5C9110D}.Release|x64.Build.0 = Release|Any CPU
		{44D8F7C2-572A-4C39-894B-B4FBA5C9110D}.Release|x86.ActiveCfg = Release|Any CPU
		{44D8F7C2-572A-4C39-894B-B4FBA5C9110D}.Release|x86.Build.0 = Release|Any CPU
		{ABE6C443-F5F3-4D43-B07D-B07F8C0C7886}.Debug|Any CPU.ActiveCfg = Debug|Any CPU
		{ABE6C443-F5F3-4D43-B07D-B07F8C0C7886}.Debug|Any CPU.Build.0 = Debug|Any CPU
		{ABE6C443-F5F3-4D43-B07D-B07F8C0C7886}.Debug|ARM.ActiveCfg = Debug|Any CPU
		{ABE6C443-F5F3-4D43-B07D-B07F8C0C7886}.Debug|ARM.Build.0 = Debug|Any CPU
		{ABE6C443-F5F3-4D43-B07D-B07F8C0C7886}.Debug|ARM64.ActiveCfg = Debug|Any CPU
		{ABE6C443-F5F3-4D43-B07D-B07F8C0C7886}.Debug|ARM64.Build.0 = Debug|Any CPU
		{ABE6C443-F5F3-4D43-B07D-B07F8C0C7886}.Debug|iPhone.ActiveCfg = Debug|Any CPU
		{ABE6C443-F5F3-4D43-B07D-B07F8C0C7886}.Debug|iPhone.Build.0 = Debug|Any CPU
		{ABE6C443-F5F3-4D43-B07D-B07F8C0C7886}.Debug|iPhoneSimulator.ActiveCfg = Debug|Any CPU
		{ABE6C443-F5F3-4D43-B07D-B07F8C0C7886}.Debug|iPhoneSimulator.Build.0 = Debug|Any CPU
		{ABE6C443-F5F3-4D43-B07D-B07F8C0C7886}.Debug|x64.ActiveCfg = Debug|Any CPU
		{ABE6C443-F5F3-4D43-B07D-B07F8C0C7886}.Debug|x64.Build.0 = Debug|Any CPU
		{ABE6C443-F5F3-4D43-B07D-B07F8C0C7886}.Debug|x86.ActiveCfg = Debug|Any CPU
		{ABE6C443-F5F3-4D43-B07D-B07F8C0C7886}.Debug|x86.Build.0 = Debug|Any CPU
		{ABE6C443-F5F3-4D43-B07D-B07F8C0C7886}.Release|Any CPU.ActiveCfg = Release|Any CPU
		{ABE6C443-F5F3-4D43-B07D-B07F8C0C7886}.Release|Any CPU.Build.0 = Release|Any CPU
		{ABE6C443-F5F3-4D43-B07D-B07F8C0C7886}.Release|ARM.ActiveCfg = Release|Any CPU
		{ABE6C443-F5F3-4D43-B07D-B07F8C0C7886}.Release|ARM.Build.0 = Release|Any CPU
		{ABE6C443-F5F3-4D43-B07D-B07F8C0C7886}.Release|ARM64.ActiveCfg = Release|Any CPU
		{ABE6C443-F5F3-4D43-B07D-B07F8C0C7886}.Release|ARM64.Build.0 = Release|Any CPU
		{ABE6C443-F5F3-4D43-B07D-B07F8C0C7886}.Release|iPhone.ActiveCfg = Release|Any CPU
		{ABE6C443-F5F3-4D43-B07D-B07F8C0C7886}.Release|iPhone.Build.0 = Release|Any CPU
		{ABE6C443-F5F3-4D43-B07D-B07F8C0C7886}.Release|iPhoneSimulator.ActiveCfg = Release|Any CPU
		{ABE6C443-F5F3-4D43-B07D-B07F8C0C7886}.Release|iPhoneSimulator.Build.0 = Release|Any CPU
		{ABE6C443-F5F3-4D43-B07D-B07F8C0C7886}.Release|x64.ActiveCfg = Release|Any CPU
		{ABE6C443-F5F3-4D43-B07D-B07F8C0C7886}.Release|x64.Build.0 = Release|Any CPU
		{ABE6C443-F5F3-4D43-B07D-B07F8C0C7886}.Release|x86.ActiveCfg = Release|Any CPU
		{ABE6C443-F5F3-4D43-B07D-B07F8C0C7886}.Release|x86.Build.0 = Release|Any CPU
		{2A3E09FA-CD12-4410-BECD-DE022490D368}.Debug|Any CPU.ActiveCfg = Debug|x64
		{2A3E09FA-CD12-4410-BECD-DE022490D368}.Debug|Any CPU.Build.0 = Debug|x64
		{2A3E09FA-CD12-4410-BECD-DE022490D368}.Debug|Any CPU.Deploy.0 = Debug|x64
		{2A3E09FA-CD12-4410-BECD-DE022490D368}.Debug|ARM.ActiveCfg = Debug|x64
		{2A3E09FA-CD12-4410-BECD-DE022490D368}.Debug|ARM.Build.0 = Debug|x64
		{2A3E09FA-CD12-4410-BECD-DE022490D368}.Debug|ARM.Deploy.0 = Debug|x64
		{2A3E09FA-CD12-4410-BECD-DE022490D368}.Debug|ARM64.ActiveCfg = Debug|arm64
		{2A3E09FA-CD12-4410-BECD-DE022490D368}.Debug|ARM64.Build.0 = Debug|arm64
		{2A3E09FA-CD12-4410-BECD-DE022490D368}.Debug|ARM64.Deploy.0 = Debug|arm64
		{2A3E09FA-CD12-4410-BECD-DE022490D368}.Debug|iPhone.ActiveCfg = Debug|x64
		{2A3E09FA-CD12-4410-BECD-DE022490D368}.Debug|iPhone.Build.0 = Debug|x64
		{2A3E09FA-CD12-4410-BECD-DE022490D368}.Debug|iPhone.Deploy.0 = Debug|x64
		{2A3E09FA-CD12-4410-BECD-DE022490D368}.Debug|iPhoneSimulator.ActiveCfg = Debug|x64
		{2A3E09FA-CD12-4410-BECD-DE022490D368}.Debug|iPhoneSimulator.Build.0 = Debug|x64
		{2A3E09FA-CD12-4410-BECD-DE022490D368}.Debug|iPhoneSimulator.Deploy.0 = Debug|x64
		{2A3E09FA-CD12-4410-BECD-DE022490D368}.Debug|x64.ActiveCfg = Debug|x64
		{2A3E09FA-CD12-4410-BECD-DE022490D368}.Debug|x64.Build.0 = Debug|x64
		{2A3E09FA-CD12-4410-BECD-DE022490D368}.Debug|x86.ActiveCfg = Debug|x86
		{2A3E09FA-CD12-4410-BECD-DE022490D368}.Debug|x86.Build.0 = Debug|x86
		{2A3E09FA-CD12-4410-BECD-DE022490D368}.Release|Any CPU.ActiveCfg = Release|x64
		{2A3E09FA-CD12-4410-BECD-DE022490D368}.Release|Any CPU.Build.0 = Release|x64
		{2A3E09FA-CD12-4410-BECD-DE022490D368}.Release|Any CPU.Deploy.0 = Release|x64
		{2A3E09FA-CD12-4410-BECD-DE022490D368}.Release|ARM.ActiveCfg = Release|x64
		{2A3E09FA-CD12-4410-BECD-DE022490D368}.Release|ARM.Build.0 = Release|x64
		{2A3E09FA-CD12-4410-BECD-DE022490D368}.Release|ARM64.ActiveCfg = Release|arm64
		{2A3E09FA-CD12-4410-BECD-DE022490D368}.Release|ARM64.Build.0 = Release|arm64
		{2A3E09FA-CD12-4410-BECD-DE022490D368}.Release|iPhone.ActiveCfg = Release|x64
		{2A3E09FA-CD12-4410-BECD-DE022490D368}.Release|iPhone.Build.0 = Release|x64
		{2A3E09FA-CD12-4410-BECD-DE022490D368}.Release|iPhoneSimulator.ActiveCfg = Release|x64
		{2A3E09FA-CD12-4410-BECD-DE022490D368}.Release|iPhoneSimulator.Build.0 = Release|x64
		{2A3E09FA-CD12-4410-BECD-DE022490D368}.Release|x64.ActiveCfg = Release|x64
		{2A3E09FA-CD12-4410-BECD-DE022490D368}.Release|x64.Build.0 = Release|x64
		{2A3E09FA-CD12-4410-BECD-DE022490D368}.Release|x86.ActiveCfg = Release|x86
		{2A3E09FA-CD12-4410-BECD-DE022490D368}.Release|x86.Build.0 = Release|x86
		{520820E0-22E9-4125-A8E7-18C361ABB519}.Debug|Any CPU.ActiveCfg = Debug|Any CPU
		{520820E0-22E9-4125-A8E7-18C361ABB519}.Debug|Any CPU.Build.0 = Debug|Any CPU
		{520820E0-22E9-4125-A8E7-18C361ABB519}.Debug|ARM.ActiveCfg = Debug|Any CPU
		{520820E0-22E9-4125-A8E7-18C361ABB519}.Debug|ARM.Build.0 = Debug|Any CPU
		{520820E0-22E9-4125-A8E7-18C361ABB519}.Debug|ARM64.ActiveCfg = Debug|Any CPU
		{520820E0-22E9-4125-A8E7-18C361ABB519}.Debug|ARM64.Build.0 = Debug|Any CPU
		{520820E0-22E9-4125-A8E7-18C361ABB519}.Debug|iPhone.ActiveCfg = Debug|Any CPU
		{520820E0-22E9-4125-A8E7-18C361ABB519}.Debug|iPhone.Build.0 = Debug|Any CPU
		{520820E0-22E9-4125-A8E7-18C361ABB519}.Debug|iPhoneSimulator.ActiveCfg = Debug|Any CPU
		{520820E0-22E9-4125-A8E7-18C361ABB519}.Debug|iPhoneSimulator.Build.0 = Debug|Any CPU
		{520820E0-22E9-4125-A8E7-18C361ABB519}.Debug|x64.ActiveCfg = Debug|Any CPU
		{520820E0-22E9-4125-A8E7-18C361ABB519}.Debug|x64.Build.0 = Debug|Any CPU
		{520820E0-22E9-4125-A8E7-18C361ABB519}.Debug|x86.ActiveCfg = Debug|Any CPU
		{520820E0-22E9-4125-A8E7-18C361ABB519}.Debug|x86.Build.0 = Debug|Any CPU
		{520820E0-22E9-4125-A8E7-18C361ABB519}.Release|Any CPU.ActiveCfg = Release|Any CPU
		{520820E0-22E9-4125-A8E7-18C361ABB519}.Release|Any CPU.Build.0 = Release|Any CPU
		{520820E0-22E9-4125-A8E7-18C361ABB519}.Release|ARM.ActiveCfg = Release|Any CPU
		{520820E0-22E9-4125-A8E7-18C361ABB519}.Release|ARM.Build.0 = Release|Any CPU
		{520820E0-22E9-4125-A8E7-18C361ABB519}.Release|ARM64.ActiveCfg = Release|Any CPU
		{520820E0-22E9-4125-A8E7-18C361ABB519}.Release|ARM64.Build.0 = Release|Any CPU
		{520820E0-22E9-4125-A8E7-18C361ABB519}.Release|iPhone.ActiveCfg = Release|Any CPU
		{520820E0-22E9-4125-A8E7-18C361ABB519}.Release|iPhone.Build.0 = Release|Any CPU
		{520820E0-22E9-4125-A8E7-18C361ABB519}.Release|iPhoneSimulator.ActiveCfg = Release|Any CPU
		{520820E0-22E9-4125-A8E7-18C361ABB519}.Release|iPhoneSimulator.Build.0 = Release|Any CPU
		{520820E0-22E9-4125-A8E7-18C361ABB519}.Release|x64.ActiveCfg = Release|Any CPU
		{520820E0-22E9-4125-A8E7-18C361ABB519}.Release|x64.Build.0 = Release|Any CPU
		{520820E0-22E9-4125-A8E7-18C361ABB519}.Release|x86.ActiveCfg = Release|Any CPU
		{520820E0-22E9-4125-A8E7-18C361ABB519}.Release|x86.Build.0 = Release|Any CPU
	EndGlobalSection
	GlobalSection(SolutionProperties) = preSolution
		HideSolutionNode = FALSE
	EndGlobalSection
	GlobalSection(NestedProjects) = preSolution
		{2DACB809-F0DD-4B4E-9958-1CA21FAA2E46} = {B55C9D32-1B33-428C-8A2C-C79D9D386BF5}
		{84C98F48-D58A-4A4C-B367-0F93FF7F1EFB} = {B55C9D32-1B33-428C-8A2C-C79D9D386BF5}
		{66FAB262-7B15-401D-B718-576F15320BF4} = {B55C9D32-1B33-428C-8A2C-C79D9D386BF5}
		{4265D960-4397-4E11-A518-DED111359FDE} = {B55C9D32-1B33-428C-8A2C-C79D9D386BF5}
		{324A1AA4-D4DF-4333-A7DD-1DE7A69F9C00} = {66FAB262-7B15-401D-B718-576F15320BF4}
		{A3BCD181-9F1C-49A6-9119-5D3769C6F058} = {66FAB262-7B15-401D-B718-576F15320BF4}
		{C024762E-8658-4F22-B5E5-54586983A0AD} = {66FAB262-7B15-401D-B718-576F15320BF4}
		{565C8B5F-41AB-4127-84A6-C04AE2861BDC} = {66FAB262-7B15-401D-B718-576F15320BF4}
		{2A3E09FA-CD12-4410-BECD-DE022490D368} = {66FAB262-7B15-401D-B718-576F15320BF4}
		{520820E0-22E9-4125-A8E7-18C361ABB519} = {66FAB262-7B15-401D-B718-576F15320BF4}
		{33B1263E-5ED5-4B09-82CF-3BDC0E674662} = {4265D960-4397-4E11-A518-DED111359FDE}
		{44D8F7C2-572A-4C39-894B-B4FBA5C9110D} = {C87C31C1-2533-4ADE-895F-7AE6104F92DC}
		{ABE6C443-F5F3-4D43-B07D-B07F8C0C7886} = {C87C31C1-2533-4ADE-895F-7AE6104F92DC}
	EndGlobalSection
	GlobalSection(ExtensibilityGlobals) = postSolution
		SolutionGuid = {596368B1-645C-4A3D-B17C-76B37CB3CA5C}
	EndGlobalSection
EndGlobal
